#
# This file is autogenerated by pip-compile with Python 3.11
# by the following command:
#
#    pip-compile --allow-unsafe --output-file=requirements.lock --resolver=backtracking --strip-extras ./api/requirements.in ./api/util/requirements-test.in ./api/util/requirements.in ./common/celery_tasks/requirements.in ./common/config/requirements.in ./common/config/tests/requirements.in ./common/iambic/requirements.in ./common/lib/aws/access_undenied/requirements.in ./common/lib/requirements.in ./common/requirements.in ./common/templates/requirements.in ./common/tests/celery_tasks/requirements.in ./common/tests/requirements.in ./common/util/requirements-test.in ./common/util/requirements.in ./deploy/local/requirements.in ./docs/requirements.in ./frontend/requirements.in ./functional_tests/requirements.in ./identity/requirements.in ./requirements.in ./util/debug/requirements.in ./util/terraform_config_parser/requirements.in ./util/tests/requirements.in
#
aenum==3.1.12
    # via
    #   okta
    #   onelogin
aiocache==0.12.1
    # via -r ./common/requirements.in
aiodns==3.0.0
    # via checkov
aiofile==3.8.7
    # via aiopath
aiofiles==23.1.0
    # via
    #   -r ./common/requirements.in
    #   iambic-core
aiohttp==3.8.4
    # via
    #   -r ./common/celery_tasks/requirements.in
    #   aiozipkin
    #   checkov
    #   iambic-core
    #   okta
    #   openai
aiomultiprocess==0.9.0
    # via checkov
aiopath==0.6.11
    # via -r ./common/requirements.in
aioshutil==1.3
    # via -r ./common/util/requirements.in
aiosignal==1.3.1
    # via aiohttp
aiozipkin==1.1.1
    # via
    #   -r ./api/requirements.in
    #   -r ./common/util/requirements.in
alembic==1.11.1
    # via -r ./common/util/requirements.in
amqp==5.1.1
    # via
    #   -r ./api/requirements.in
    #   kombu
antlr4-python3-runtime==4.7.2
    # via noq-dax-client
anyio==3.7.0
    # via
    #   aiopath
    #   httpcore
argcomplete==3.1.0
    # via checkov
asgiref==3.7.2
    # via
    #   -r ./api/requirements.in
    #   -r ./util/tests/requirements.in
    #   iambic-core
async-lru==2.0.2
    # via -r ./common/lib/requirements.in
async-timeout==4.0.2
    # via aiohttp
asyncache==0.3.1
    # via
    #   -r ./common/requirements.in
    #   iambic-core
asynctest==0.13.0
    # via
    #   -r ./api/util/requirements-test.in
    #   -r ./common/util/requirements-test.in
atlassian-python-api==3.38.0
    # via
    #   -r ./api/requirements.in
    #   -r ./util/tests/requirements.in
attrs==23.1.0
    # via
    #   aiohttp
    #   jsonschema
    #   pytest-mypy
aws-error-utils==2.7.0
    # via
    #   -r ./common/lib/aws/access_undenied/requirements.in
    #   iambic-core
awscli==1.27.151
    # via -r ./frontend/requirements.in
bandit==1.7.5
    # via
    #   -r ./api/util/requirements-test.in
    #   -r ./common/util/requirements-test.in
bc-detect-secrets==1.4.29
    # via checkov
bc-jsonpath-ng==1.5.9
    # via checkov
bc-python-hcl2==0.3.51
    # via checkov
bcrypt==4.0.1
    # via
    #   -r ./api/requirements.in
    #   -r ./common/util/requirements.in
beautifulsoup4==4.12.2
    # via
    #   mkdocs-pdf-export-plugin
    #   policy-sentry
billiard==4.1.0
    # via
    #   -r ./api/requirements.in
    #   -r ./common/celery_tasks/requirements.in
    #   celery
black==23.3.0
    # via
    #   -r ./api/util/requirements-test.in
    #   -r ./common/util/requirements-test.in
bleach==6.0.0
    # via
    #   -r ./common/util/requirements.in
    #   readme-renderer
blinker==1.6.2
    # via
    #   -r ./common/lib/requirements.in
    #   flask
boolean-py==4.0
    # via license-expression
boto==2.49.0
    # via
    #   -r ./api/requirements.in
    #   -r ./common/util/requirements.in
    #   cloudaux
boto3==1.26.151
    # via
    #   -r ./api/requirements.in
    #   -r ./util/terraform_config_parser/requirements.in
    #   checkov
    #   cloudaux
    #   cloudsplaining
    #   iambic-core
    #   moto
    #   parliament
botocore==1.29.151
    # via
    #   -r ./api/requirements.in
    #   -r ./functional_tests/requirements.in
    #   aws-error-utils
    #   awscli
    #   boto3
    #   cloudaux
    #   cloudsplaining
    #   moto
    #   noq-dax-client
    #   pynamodax
    #   s3transfer
brotli==1.0.9
    # via
    #   fonttools
    #   geventhttpclient
cached-property==1.5.2
    # via cloudsplaining
cachetools==5.3.1
    # via
    #   -r ./common/lib/aws/access_undenied/requirements.in
    #   asyncache
    #   checkov
    #   google-auth
caio==0.9.12
    # via aiofile
celery==5.3.0
    # via
    #   -r ./api/requirements.in
    #   -r ./common/celery_tasks/requirements.in
    #   flower
certifi==2023.5.7
    # via
    #   -r ./api/requirements.in
    #   elastic-apm
    #   geventhttpclient
    #   httpcore
    #   httpx
    #   requests
    #   sentry-sdk
cffi==1.15.1
    # via
    #   cryptography
    #   pycares
    #   pynacl
    #   weasyprint
cfgv==3.3.1
    # via pre-commit
charset-normalizer==3.1.0
    # via
    #   aiohttp
    #   checkov
    #   requests
checkov==2.3.285
    # via -r ./common/util/requirements.in
click==8.1.3
    # via
    #   -r ./api/requirements.in
    #   -r ./functional_tests/requirements.in
    #   black
    #   celery
    #   checkov
    #   click-didyoumean
    #   click-log
    #   click-option-group
    #   click-plugins
    #   click-repl
    #   cloudsplaining
    #   flask
    #   iambic-core
    #   mkdocs
    #   policy-sentry
    #   spdx-tools
click-didyoumean==0.3.0
    # via celery
click-log==0.4.0
    # via -r ./common/lib/aws/access_undenied/requirements.in
click-option-group==0.5.6
    # via cloudsplaining
click-plugins==1.1.1
    # via celery
click-repl==0.2.0
    # via celery
cloudaux==1.9.6
    # via
    #   -r ./common/lib/requirements.in
    #   -r ./common/util/requirements.in
cloudsplaining==0.5.1
    # via checkov
colorama==0.4.4
    # via
    #   awscli
    #   checkov
    #   mkdocs-material
colorlog==6.7.0
    # via -r ./common/lib/aws/access_undenied/requirements.in
configargparse==1.5.3
    # via
    #   checkov
    #   locust
contextlib2==21.6.0
    # via schema
coverage==7.2.7
    # via
    #   -r ./api/util/requirements-test.in
    #   -r ./common/util/requirements-test.in
    #   pytest-cov
cryptography==41.0.1
    # via
    #   -r ./api/requirements.in
    #   -r ./common/util/requirements.in
    #   iambic-core
    #   moto
    #   msal
    #   pyjwt
    #   pyopenssl
cssselect2==0.7.0
    # via weasyprint
cyclonedx-python-lib==3.1.5
    # via checkov
cython==0.29.35
    # via -r ./requirements.in
dateparser==1.1.8
    # via iambic-core
debugpy==1.6.7
    # via -r ./api/requirements.in
decorator==5.1.1
    # via bc-jsonpath-ng
deep-merge==0.0.4
    # via checkov
deepdiff==6.3.0
    # via
    #   -r ./api/requirements.in
    #   -r ./common/util/requirements.in
    #   iambic-core
defusedxml==0.7.1
    # via cloudaux
deprecated==1.2.14
    # via
    #   atlassian-python-api
    #   pygithub
deprecation==2.1.0
    # via pdpyras
dictdiffer==0.9.0
    # via iambic-core
distlib==0.3.6
    # via virtualenv
dnspython==2.3.0
    # via
    #   email-validator
    #   eventlet
docker==6.1.3
    # via
    #   -r ./api/util/requirements-test.in
    #   -r ./common/util/requirements-test.in
    #   checkov
dockerfile-parse==2.0.0
    # via checkov
docutils==0.16
    # via
    #   awscli
    #   readme-renderer
dpath==2.1.3
    # via checkov
ecdsa==0.18.0
    # via python-jose
ecs-logging==2.0.2
    # via elastic-apm
ed25519==1.5
    # via
    #   -r ./common/lib/requirements.in
    #   -r ./common/util/requirements.in
elastic-apm==6.16.1
    # via -r ./common/util/requirements.in
email-validator==2.0.0.post2
    # via -r ./api/util/requirements.in
eventlet==0.33.3
    # via -r ./common/util/requirements.in
execnet==1.9.0
    # via pytest-xdist
faker==18.10.1
    # via pydantic-factories
fakeredis==2.14.1
    # via
    #   -r ./api/util/requirements-test.in
    #   -r ./util/tests/requirements.in
filelock==3.12.1
    # via
    #   pytest-mypy
    #   tldextract
    #   virtualenv
flagpole==1.1.1
    # via cloudaux
flake8==6.0.0
    # via
    #   -r ./api/util/requirements-test.in
    #   -r ./functional_tests/requirements.in
    #   flake8-docstrings
flake8-docstrings==1.7.0
    # via
    #   -r ./api/util/requirements-test.in
    #   -r ./common/util/requirements-test.in
flake8-import-order==0.18.2
    # via
    #   -r ./api/util/requirements-test.in
    #   -r ./common/util/requirements-test.in
flask==2.3.2
    # via
    #   flask-basicauth
    #   flask-cors
    #   locust
flask-basicauth==0.2.0
    # via locust
flask-cors==3.0.10
    # via locust
flatdict==4.0.1
    # via okta
flower==1.2.0
    # via -r ./common/celery_tasks/requirements.in
fonttools==4.39.4
    # via weasyprint
frozenlist==1.3.3
    # via
    #   aiohttp
    #   aiosignal
furl==2.1.3
    # via
    #   -r ./api/requirements.in
    #   -r ./common/util/requirements.in
gevent==22.10.2
    # via
    #   geventhttpclient
    #   locust
geventhttpclient==2.0.9
    # via locust
ghp-import==2.1.0
    # via mkdocs
gitdb==4.0.10
    # via gitpython
gitpython==3.1.31
    # via
    #   -r ./api/requirements.in
    #   -r ./common/util/requirements.in
    #   bandit
    #   checkov
    #   iambic-core
google-api-core==2.11.0
    # via google-api-python-client
google-api-python-client==2.88.0
    # via
    #   -r ./api/requirements.in
    #   iambic-core
google-auth==2.19.1
    # via
    #   google-api-core
    #   google-api-python-client
    #   google-auth-httplib2
    #   iambic-core
google-auth-httplib2==0.1.0
    # via google-api-python-client
googleapis-common-protos==1.59.0
    # via google-api-core
greenlet==2.0.2
    # via
    #   -r ./common/util/requirements.in
    #   eventlet
    #   gevent
h11==0.14.0
    # via httpcore
html5lib==1.1
    # via weasyprint
httpcore==0.17.2
    # via httpx
httplib2==0.22.0
    # via
    #   google-api-python-client
    #   google-auth-httplib2
httpx==0.24.1
    # via -r ./common/requirements.in
humanfriendly==10.0
    # via -r ./common/requirements.in
humanize==4.6.0
    # via flower
iambic-core==0.9.8
    # via -r ./common/iambic/requirements.in
identify==2.5.24
    # via pre-commit
idna==3.4
    # via
    #   anyio
    #   email-validator
    #   httpx
    #   requests
    #   tldextract
    #   yarl
igraph==0.10.4
    # via checkov
importlib-metadata==6.6.0
    # via checkov
inflection==0.5.1
    # via cloudaux
iniconfig==2.0.0
    # via pytest
isodate==0.6.1
    # via
    #   python3-saml
    #   rdflib
itsdangerous==2.1.2
    # via flask
jinja2==3.1.2
    # via
    #   -r ./common/lib/requirements.in
    #   -r ./util/terraform_config_parser/requirements.in
    #   cloudsplaining
    #   flask
    #   iambic-core
    #   mkdocs
    #   mkdocs-material
    #   moto
jmespath==1.0.1
    # via
    #   boto3
    #   botocore
    #   checkov
    #   parliament
joblib==1.2.0
    # via
    #   -r ./api/requirements.in
    #   -r ./common/util/requirements.in
    #   cloudaux
jq==1.4.1
    # via
    #   -r ./common/lib/requirements.in
    #   -r ./common/requirements.in
json-cfg==0.4.2
    # via parliament
jsonschema==4.17.3
    # via
    #   -r ./api/requirements.in
    #   -r ./common/util/requirements.in
    #   checkov
junit-xml==1.9
    # via checkov
kombu==5.3.0
    # via
    #   -r ./api/requirements.in
    #   celery
kwonly-args==1.0.10
    # via json-cfg
lark==1.1.5
    # via
    #   bc-python-hcl2
    #   pycep-parser
license-expression==30.1.0
    # via checkov
locust==2.15.1
    # via -r ./common/requirements.in
logmatic-python==0.1.7
    # via
    #   -r ./common/celery_tasks/requirements.in
    #   -r ./common/config/requirements.in
lxml==4.9.2
    # via
    #   mkdocs-video
    #   python3-saml
    #   xmlsec
mako==1.2.4
    # via alembic
markdown==3.3.7
    # via
    #   cloudsplaining
    #   mkdocs
    #   mkdocs-material
    #   pymdown-extensions
markdown-it-py==2.2.0
    # via rich
markupsafe==2.1.3
    # via
    #   jinja2
    #   mako
    #   werkzeug
marshmallow==3.19.0
    # via
    #   -r ./api/requirements.in
    #   -r ./common/util/requirements.in
mccabe==0.7.0
    # via
    #   flake8
    #   pytest-mccabe
mdurl==0.1.2
    # via markdown-it-py
mergedeep==1.3.4
    # via mkdocs
mkdocs==1.4.3
    # via
    #   -r ./api/requirements.in
    #   -r ./docs/requirements.in
    #   mkdocs-material
    #   mkdocs-pdf-export-plugin
    #   mkdocs-plugin-inline-svg
    #   mkdocs-render-swagger-plugin
    #   mkdocs-video
mkdocs-material==9.1.15
    # via -r ./docs/requirements.in
mkdocs-material-extensions==1.1.1
    # via mkdocs-material
mkdocs-pdf-export-plugin==0.5.10
    # via -r ./docs/requirements.in
mkdocs-plugin-inline-svg==0.1.0
    # via -r ./docs/requirements.in
mkdocs-render-swagger-plugin==0.0.4
    # via -r ./docs/requirements.in
mkdocs-video==1.5.0
    # via -r ./docs/requirements.in
mock==5.0.2
    # via
    #   -r ./api/util/requirements-test.in
    #   -r ./util/tests/requirements.in
mockredis==0.1.3.dev0
    # via -r ./util/tests/requirements.in
more-itertools==9.1.0
    # via -r ./common/requirements.in
moto==4.1.11
    # via
    #   -r ./api/util/requirements-test.in
    #   -r ./util/tests/requirements.in
msal==1.22.0
    # via iambic-core
msgpack==1.0.5
    # via locust
multidict==6.0.4
    # via
    #   aiohttp
    #   yarl
mypy==1.3.0
    # via
    #   -r ./api/util/requirements-test.in
    #   -r ./common/util/requirements-test.in
    #   pytest-mypy
mypy-extensions==1.0.0
    # via
    #   black
    #   mypy
networkx==2.6.3
    # via checkov
nodeenv==1.8.0
    # via pre-commit
noq-dax-client==2.1.1
    # via -r ./common/requirements.in
numpy==1.24.3
    # via pandas
oauthlib==3.2.2
    # via
    #   atlassian-python-api
    #   requests-oauthlib
okta==2.9.2
    # via
    #   -r ./api/requirements.in
    #   -r ./identity/requirements.in
    #   iambic-core
okta-jwt==1.3.5
    # via
    #   -r ./api/requirements.in
    #   -r ./common/util/requirements.in
onelogin==3.1.4
    # via
    #   -r ./api/requirements.in
    #   -r ./common/lib/requirements.in
openai==0.27.8
    # via checkov
ordered-set==4.1.0
    # via deepdiff
orderedmultidict==1.0.1
    # via furl
orjson==3.9.1
    # via -r ./common/lib/requirements.in
packageurl-python==0.11.1
    # via
    #   checkov
    #   cyclonedx-python-lib
packaging==23.1
    # via
    #   -r ./requirements.in
    #   black
    #   checkov
    #   deprecation
    #   docker
    #   marshmallow
    #   mkdocs
    #   pytest
pandas==2.0.2
    # via
    #   -r ./api/requirements.in
    #   -r ./common/util/requirements.in
parliament==1.6.1
    # via
    #   -r ./common/lib/requirements.in
    #   -r ./common/util/requirements.in
password-strength==0.0.3.post2
    # via
    #   -r ./api/requirements.in
    #   -r ./common/util/requirements.in
pathspec==0.11.1
    # via black
pbr==5.11.1
    # via stevedore
pdpyras==5.0.4
    # via -r ./common/util/requirements.in
pillow==9.5.0
    # via weasyprint
platformdirs==3.5.3
    # via
    #   black
    #   virtualenv
pluggy==1.0.0
    # via pytest
ply==3.11
    # via
    #   bc-jsonpath-ng
    #   spdx-tools
policy-sentry==0.12.6
    # via
    #   -r ./common/lib/requirements.in
    #   -r ./common/util/requirements.in
    #   cloudsplaining
policyuniverse==1.5.1.20230608
    # via
    #   -r ./api/util/requirements.in
    #   checkov
pre-commit==3.3.2
    # via
    #   -r ./api/util/requirements-test.in
    #   -r ./docs/requirements.in
prettytable==3.7.0
    # via checkov
prometheus-client==0.17.0
    # via flower
prompt-toolkit==3.0.38
    # via
    #   click-repl
    #   questionary
protobuf==4.23.2
    # via
    #   google-api-core
    #   googleapis-common-protos
psutil==5.9.5
    # via locust
psycopg==3.1.9
    # via -r ./common/util/requirements.in
psycopg-binary==3.1.9
    # via -r ./common/util/requirements.in
psycopg-c==3.1.9
    # via -r ./common/util/requirements.in
ptvsd==4.3.2
    # via
    #   -r ./api/requirements.in
    #   -r ./util/debug/requirements.in
py==1.11.0
    # via pytest-html
pyasn1==0.5.0
    # via
    #   pyasn1-modules
    #   python-jose
    #   rsa
pyasn1-modules==0.3.0
    # via google-auth
pycares==4.3.0
    # via aiodns
pycep-parser==0.4.0
    # via checkov
pycodestyle==2.10.0
    # via
    #   flake8
    #   flake8-import-order
pycparser==2.21
    # via cffi
pycryptodomex==3.18.0
    # via okta
pydantic==1.10.9
    # via
    #   -r ./api/requirements.in
    #   -r ./common/util/requirements.in
    #   iambic-core
    #   onelogin
    #   pydantic-factories
pydantic-factories==1.17.3
    # via iambic-core
pydash==7.0.4
    # via okta
pydocstyle==6.3.0
    # via flake8-docstrings
pydyf==0.6.0
    # via weasyprint
pyflakes==3.0.1
    # via flake8
pygithub==1.57
    # via
    #   -r ./api/requirements.in
    #   -r ./common/util/requirements.in
    #   iambic-core
pygments==2.15.1
    # via
    #   mkdocs-material
    #   readme-renderer
    #   rich
pyjwt==2.7.0
    # via
    #   -r ./api/requirements.in
    #   -r ./common/util/requirements.in
    #   msal
    #   pygithub
pymdown-extensions==10.0.1
    # via mkdocs-material
pynacl==1.5.0
    # via pygithub
pynamodax==6.1.4
    # via -r ./common/requirements.in
pyopenssl==23.2.0
    # via iambic-core
pyotp==2.8.0
    # via -r ./api/requirements.in
pyparsing==3.0.9
    # via
    #   httplib2
    #   rdflib
pyphen==0.14.0
    # via weasyprint
pyrsistent==0.19.3
    # via jsonschema
pytest==7.3.2
    # via
    #   -r ./api/util/requirements-test.in
    #   -r ./util/tests/requirements.in
    #   pytest-asyncio
    #   pytest-cov
    #   pytest-html
    #   pytest-mccabe
    #   pytest-metadata
    #   pytest-mock
    #   pytest-mypy
    #   pytest-timeout
    #   pytest-tornado
    #   pytest-xdist
pytest-asyncio==0.21.0
    # via
    #   -r ./api/util/requirements-test.in
    #   -r ./util/tests/requirements.in
pytest-cov==4.1.0
    # via
    #   -r ./api/util/requirements-test.in
    #   -r ./functional_tests/requirements.in
pytest-html==3.2.0
    # via
    #   -r ./api/util/requirements-test.in
    #   -r ./common/util/requirements-test.in
pytest-mccabe==2.0
    # via -r ./functional_tests/requirements.in
pytest-metadata==3.0.0
    # via pytest-html
pytest-mock==3.10.0
    # via
    #   -r ./api/util/requirements-test.in
    #   -r ./util/tests/requirements.in
pytest-mypy==0.10.3
    # via -r ./functional_tests/requirements.in
pytest-timeout==2.1.0
    # via
    #   -r ./api/util/requirements-test.in
    #   -r ./common/util/requirements-test.in
pytest-tornado==0.8.1
    # via
    #   -r ./api/util/requirements-test.in
    #   -r ./common/util/requirements-test.in
pytest-xdist==3.3.1
    # via
    #   -r ./api/util/requirements-test.in
    #   -r ./common/util/requirements-test.in
python-dateutil==2.8.2
    # via
    #   botocore
    #   celery
    #   dateparser
    #   faker
    #   ghp-import
    #   moto
    #   onelogin
    #   pandas
python-jose==3.3.0
    # via
    #   okta
    #   okta-jwt
python-json-logger==2.0.7
    # via logmatic-python
python-terraform==0.10.1
    # via -r ./api/requirements.in
python3-saml==1.15.0
    # via -r ./common/requirements.in
pytz==2023.3
    # via
    #   -r ./api/requirements.in
    #   -r ./common/util/requirements.in
    #   dateparser
    #   flower
    #   pandas
pyyaml==5.4.1
    # via
    #   -r ./api/requirements.in
    #   -r ./identity/requirements.in
    #   awscli
    #   bandit
    #   bc-detect-secrets
    #   checkov
    #   cloudsplaining
    #   mkdocs
    #   okta
    #   parliament
    #   policy-sentry
    #   pre-commit
    #   pymdown-extensions
    #   pyyaml-env-tag
    #   responses
    #   spdx-tools
pyyaml-env-tag==0.1
    # via mkdocs
pyzmq==25.1.0
    # via locust
questionary==1.10.0
    # via iambic-core
rdflib==6.3.2
    # via spdx-tools
readme-renderer==37.3
    # via
    #   -r ./api/util/requirements-test.in
    #   -r ./common/util/requirements-test.in
redis==4.5.5
    # via
    #   -r ./common/lib/requirements.in
    #   -r ./common/util/requirements.in
    #   fakeredis
regex==2023.6.3
    # via
    #   dateparser
    #   mkdocs-material
    #   pycep-parser
requests==2.31.0
    # via
    #   -r ./api/requirements.in
    #   atlassian-python-api
    #   bc-detect-secrets
    #   checkov
    #   docker
    #   google-api-core
    #   locust
    #   mkdocs-material
    #   moto
    #   msal
    #   okta-jwt
    #   openai
    #   pdpyras
    #   policy-sentry
    #   pygithub
    #   requests-file
    #   requests-mock
    #   requests-oauthlib
    #   responses
    #   tldextract
    #   update-checker
    #   workos
requests-file==1.5.1
    # via tldextract
requests-mock==1.11.0
    # via -r ./util/tests/requirements.in
requests-oauthlib==1.3.1
    # via atlassian-python-api
responses==0.23.1
    # via moto
retrying==1.3.4
    # via
    #   -r ./api/requirements.in
    #   -r ./common/celery_tasks/requirements.in
rich==13.4.1
    # via
    #   bandit
    #   iambic-core
roundrobin==0.0.4
    # via locust
rsa==4.7.2
    # via
    #   awscli
    #   google-auth
    #   python-jose
ruamel-yaml==0.17.31
    # via
    #   -r ./api/requirements.in
    #   -r ./common/util/requirements.in
    #   iambic-core
ruamel-yaml-clib==0.2.7
    # via
    #   -r ./api/requirements.in
    #   ruamel-yaml
s3transfer==0.6.1
    # via
    #   awscli
    #   boto3
schema==0.7.5
    # via
    #   checkov
    #   cloudsplaining
    #   policy-sentry
semantic-version==2.10.0
    # via checkov
semver==3.0.0
    # via -r ./util/terraform_config_parser/requirements.in
sentry-sdk==1.25.1
    # via
    #   -r ./api/requirements.in
    #   -r ./common/celery_tasks/requirements.in
setupmeta==3.4.0
    # via -r ./common/util/requirements.in
simplejson==3.19.1
    # via
    #   -r ./api/requirements.in
    #   -r ./common/util/requirements.in
six==1.16.0
    # via
    #   atlassian-python-api
    #   bleach
    #   click-repl
    #   cloudaux
    #   ecdsa
    #   eventlet
    #   flask-cors
    #   furl
    #   geventhttpclient
    #   google-auth
    #   google-auth-httplib2
    #   html5lib
    #   isodate
    #   junit-xml
    #   noq-dax-client
    #   okta-jwt
    #   orderedmultidict
    #   password-strength
    #   python-dateutil
    #   requests-file
    #   requests-mock
    #   retrying
slack-bolt==1.18.0
    # via
    #   -r ./common/requirements.in
    #   iambic-core
slack-sdk==3.21.3
    # via slack-bolt
smmap==5.0.0
    # via gitdb
sniffio==1.3.0
    # via
    #   anyio
    #   httpcore
    #   httpx
snowballstemmer==2.2.0
    # via pydocstyle
sortedcontainers==2.4.0
    # via
    #   cyclonedx-python-lib
    #   fakeredis
soupsieve==2.4.1
    # via beautifulsoup4
spdx-tools==0.7.1
    # via checkov
sqlalchemy==2.0.16
    # via
    #   -r ./common/util/requirements.in
    #   alembic
stevedore==5.1.0
    # via bandit
stringcase==1.2.0
    # via iambic-core
structlog==22.3.0
    # via iambic-core
tabulate==0.9.0
    # via checkov
tenacity==8.2.2
    # via
    #   -r ./common/lib/requirements.in
    #   -r ./common/util/requirements.in
    #   iambic-core
termcolor==2.3.0
    # via checkov
texttable==1.6.7
    # via igraph
tinycss2==1.2.1
    # via
    #   cssselect2
    #   weasyprint
tldextract==3.4.4
    # via -r ./common/requirements.in
toml==0.10.2
    # via cyclonedx-python-lib
tomlkit==0.11.8
    # via iambic-core
tornado==6.3.2
    # via
    #   -r ./api/requirements.in
    #   -r ./util/tests/requirements.in
    #   flower
    #   pytest-tornado
tqdm==4.65.0
    # via
    #   checkov
    #   openai
types-dateparser==1.1.4.9
    # via iambic-core
types-pytz==2023.3.0.0
    # via -r ./common/requirements.in
types-pyyaml==6.0.12.10
    # via responses
types-ujson==5.7.0.5
    # via -r ./common/requirements.in
typing-extensions==4.6.3
    # via
    #   -r ./api/requirements.in
    #   alembic
    #   async-lru
    #   checkov
    #   iambic-core
    #   locust
    #   mypy
    #   psycopg
    #   pycep-parser
    #   pydantic
    #   pydantic-factories
    #   pydash
    #   sqlalchemy
tzdata==2023.3
    # via
    #   celery
    #   pandas
tzlocal==5.0.1
    # via dateparser
ujson==5.7.0
    # via
    #   -r ./api/requirements.in
    #   -r ./functional_tests/requirements.in
    #   iambic-core
unidiff==0.7.5
    # via bc-detect-secrets
update-checker==0.18.0
    # via checkov
uritemplate==4.1.1
    # via google-api-python-client
uritools==4.0.1
    # via spdx-tools
urllib3==1.26.16
    # via
    #   -r ./api/requirements.in
    #   botocore
    #   docker
    #   elastic-apm
    #   google-auth
    #   onelogin
    #   pdpyras
    #   requests
    #   responses
    #   sentry-sdk
uvloop==0.17.0
    # via
    #   -r ./api/requirements.in
    #   -r ./common/util/requirements.in
validate-email==1.3
    # via -r ./api/requirements.in
vine==5.0.0
    # via
    #   -r ./api/requirements.in
    #   amqp
    #   celery
    #   kombu
virtualenv==20.23.0
    # via pre-commit
watchdog==3.0.0
    # via mkdocs
wcwidth==0.2.6
    # via
    #   prettytable
    #   prompt-toolkit
weasyprint==59.0
    # via mkdocs-pdf-export-plugin
webencodings==0.5.1
    # via
    #   bleach
    #   cssselect2
    #   html5lib
    #   tinycss2
websocket-client==1.5.3
    # via docker
werkzeug==2.3.6
    # via
    #   flask
    #   locust
    #   moto
workos==1.24.0
    # via -r ./common/requirements.in
wrapt==1.15.0
    # via
    #   deprecated
    #   elastic-apm
xmlsec==1.3.13
    # via python3-saml
xmltodict==0.13.0
    # via
    #   moto
    #   okta
    #   spdx-tools
xxhash==3.2.0
    # via iambic-core
yappi==1.4.0
    # via -r ./api/requirements.in
yarl==1.9.2
    # via
    #   aiohttp
    #   checkov
    #   okta
zipp==3.15.0
    # via importlib-metadata
zope-event==4.6
    # via gevent
zope-interface==6.0
    # via gevent
zopfli==0.2.2
    # via fonttools

# The following packages are considered to be unsafe in a requirements file:
setuptools==67.8.0
    # via
    #   cyclonedx-python-lib
    #   flake8-import-order
    #   gevent
    #   nodeenv
    #   pytest-tornado
    #   zope-event
    #   zope-interface
