#
# This file is autogenerated by pip-compile with python 3.9
# To update, run:
#
#    pip-compile --allow-unsafe --output-file=requirements-test.lock ./api/util/requirements-test.in ./common/util/requirements-test.in requirements.lock
#
aenum==3.1.8
    # via
    #   -r requirements.lock
    #   okta
aiodns==3.0.0
    # via
    #   -r requirements.lock
    #   checkov
aiohttp==3.8.1
    # via
    #   -r requirements.lock
    #   aiozipkin
    #   checkov
    #   okta
aiomultiprocess==0.9.0
    # via
    #   -r requirements.lock
    #   checkov
aiosignal==1.2.0
    # via
    #   -r requirements.lock
    #   aiohttp
aiozipkin==1.1.1
    # via -r requirements.lock
amqp==5.1.0
    # via
    #   -r requirements.lock
    #   kombu
argcomplete==2.0.0
    # via
    #   -r requirements.lock
    #   checkov
asgiref==3.3.4
    # via -r requirements.lock
async-timeout==4.0.2
    # via
    #   -r requirements.lock
    #   aiohttp
asynctest==0.13.0
    # via
    #   -r ./api/util/requirements-test.in
    #   -r ./common/util/requirements-test.in
atlassian-python-api==3.20.1
    # via -r requirements.lock
attrs==21.4.0
    # via
    #   -r requirements.lock
    #   aiohttp
    #   jsonschema
    #   pytest
bandit==1.7.4
    # via
    #   -r ./api/util/requirements-test.in
    #   -r ./common/util/requirements-test.in
bc-python-hcl2==0.3.33
    # via
    #   -r requirements.lock
    #   checkov
bcrypt==3.2.0
    # via -r requirements.lock
beautifulsoup4==4.10.0
    # via
    #   -r requirements.lock
    #   policy-sentry
billiard==3.6.4.0
    # via
    #   -r requirements.lock
    #   celery
black==22.1.0
    # via
    #   -r ./api/util/requirements-test.in
    #   -r ./common/util/requirements-test.in
bleach==4.1.0
    # via
    #   -r requirements.lock
    #   readme-renderer
boto==2.49.0
    # via
    #   -r requirements.lock
    #   cloudaux
boto3==1.21.16
    # via
    #   -r requirements.lock
    #   checkov
    #   cloudaux
    #   cloudsplaining
    #   moto
    #   parliament
botocore==1.24.16
    # via
    #   -r requirements.lock
    #   boto3
    #   cloudaux
    #   cloudsplaining
    #   moto
    #   s3transfer
cached-property==1.5.2
    # via
    #   -r requirements.lock
    #   cloudsplaining
cachetools==5.0.0
    # via
    #   -r requirements.lock
    #   checkov
    #   google-auth
celery==5.2.3
    # via -r requirements.lock
certifi==2021.10.8
    # via
    #   -r requirements.lock
    #   elastic-apm
    #   requests
    #   sentry-sdk
cffi==1.15.0
    # via
    #   -r requirements.lock
    #   bcrypt
    #   cryptography
    #   pycares
    #   pynacl
cfgv==3.3.1
    # via pre-commit
charset-normalizer==2.0.12
    # via
    #   -r requirements.lock
    #   aiohttp
    #   requests
checkov==2.0.935
    # via -r requirements.lock
click==8.0.4
    # via
    #   -r requirements.lock
    #   black
    #   celery
    #   checkov
    #   click-didyoumean
    #   click-option-group
    #   click-plugins
    #   click-repl
    #   cloudsplaining
    #   policy-sentry
click-didyoumean==0.3.0
    # via
    #   -r requirements.lock
    #   celery
click-option-group==0.5.3
    # via
    #   -r requirements.lock
    #   cloudsplaining
click-plugins==1.1.1
    # via
    #   -r requirements.lock
    #   celery
click-repl==0.2.0
    # via
    #   -r requirements.lock
    #   celery
cloudaux==1.9.6
    # via -r requirements.lock
cloudsplaining==0.5.0
    # via
    #   -r requirements.lock
    #   checkov
colorama==0.4.4
    # via
    #   -r requirements.lock
    #   checkov
configargparse==1.5.3
    # via
    #   -r requirements.lock
    #   checkov
contextlib2==21.6.0
    # via
    #   -r requirements.lock
    #   schema
coverage[toml]==6.3.2
    # via
    #   -r ./api/util/requirements-test.in
    #   -r ./common/util/requirements-test.in
    #   pytest-cov
cryptography==36.0.1
    # via
    #   -r requirements.lock
    #   moto
cyclonedx-python-lib==0.12.3
    # via
    #   -r requirements.lock
    #   checkov
debugpy==1.5.1
    # via -r requirements.lock
decorator==5.1.1
    # via
    #   -r requirements.lock
    #   jsonpath-ng
deep-merge==0.0.4
    # via
    #   -r requirements.lock
    #   checkov
deepdiff==5.7.0
    # via -r requirements.lock
defusedxml==0.7.1
    # via
    #   -r requirements.lock
    #   cloudaux
    #   onelogin
deprecated==1.2.13
    # via
    #   -r requirements.lock
    #   atlassian-python-api
    #   pygithub
detect-secrets==1.2.0
    # via
    #   -r requirements.lock
    #   checkov
distlib==0.3.4
    # via virtualenv
dnspython==2.2.1
    # via
    #   -r requirements.lock
    #   email-validator
docker==5.0.3
    # via
    #   -r ./api/util/requirements-test.in
    #   -r ./common/util/requirements-test.in
    #   -r requirements.lock
    #   checkov
dockerfile-parse==1.2.0
    # via
    #   -r requirements.lock
    #   checkov
docutils==0.18.1
    # via readme-renderer
dpath==1.5.0
    # via
    #   -r requirements.lock
    #   checkov
ecdsa==0.17.0
    # via
    #   -r requirements.lock
    #   python-jose
ed25519==1.5
    # via -r requirements.lock
elastic-apm==6.8.1
    # via -r requirements.lock
email-validator==1.1.3
    # via -r requirements.lock
execnet==1.9.0
    # via pytest-xdist
filelock==3.6.0
    # via
    #   tox
    #   virtualenv
flagpole==1.1.1
    # via
    #   -r requirements.lock
    #   cloudaux
flake8==4.0.1
    # via
    #   -r ./api/util/requirements-test.in
    #   -r ./common/util/requirements-test.in
    #   flake8-docstrings
flake8-docstrings==1.6.0
    # via
    #   -r ./api/util/requirements-test.in
    #   -r ./common/util/requirements-test.in
flake8-import-order==0.18.1
    # via
    #   -r ./api/util/requirements-test.in
    #   -r ./common/util/requirements-test.in
flatdict==4.0.1
    # via
    #   -r requirements.lock
    #   okta
frozenlist==1.3.0
    # via
    #   -r requirements.lock
    #   aiohttp
    #   aiosignal
furl==2.1.3
    # via -r requirements.lock
gitdb==4.0.9
    # via
    #   -r requirements.lock
    #   gitpython
gitpython==3.1.27
    # via
    #   -r requirements.lock
    #   bandit
    #   checkov
google-api-core==2.7.1
    # via
    #   -r requirements.lock
    #   google-api-python-client
google-api-python-client==2.40.0
    # via -r requirements.lock
google-auth==2.6.0
    # via
    #   -r requirements.lock
    #   google-api-core
    #   google-api-python-client
    #   google-auth-httplib2
google-auth-httplib2==0.1.0
    # via
    #   -r requirements.lock
    #   google-api-python-client
googleapis-common-protos==1.55.0
    # via
    #   -r requirements.lock
    #   google-api-core
grpcio==1.44.0
    # via
    #   -r requirements.lock
    #   grpcio-tools
grpcio-tools==1.44.0
    # via -r requirements.lock
httplib2==0.20.4
    # via
    #   -r requirements.lock
    #   google-api-python-client
    #   google-auth-httplib2
identify==2.4.11
    # via pre-commit
idna==3.3
    # via
    #   -r requirements.lock
    #   email-validator
    #   requests
    #   yarl
importlib-metadata==4.11.2
    # via
    #   -r requirements.lock
    #   markdown
inflection==0.5.1
    # via
    #   -r requirements.lock
    #   cloudaux
iniconfig==1.1.1
    # via pytest
isodate==0.6.1
    # via
    #   -r requirements.lock
    #   python3-saml
jinja2==3.0.3
    # via
    #   -r requirements.lock
    #   cloudsplaining
    #   moto
jmespath==0.10.0
    # via
    #   -r requirements.lock
    #   boto3
    #   botocore
    #   checkov
    #   parliament
joblib==1.1.0
    # via
    #   -r requirements.lock
    #   cloudaux
json-cfg==0.4.2
    # via
    #   -r requirements.lock
    #   parliament
jsonpath-ng==1.5.3
    # via
    #   -r requirements.lock
    #   checkov
jsonschema==3.2.0
    # via
    #   -r requirements.lock
    #   checkov
junit-xml==1.9
    # via
    #   -r requirements.lock
    #   checkov
kombu==5.2.4
    # via
    #   -r requirements.lock
    #   celery
kwonly-args==1.0.10
    # via
    #   -r requirements.lock
    #   json-cfg
lark==1.1.2
    # via
    #   -r requirements.lock
    #   bc-python-hcl2
    #   pycep-parser
logmatic-python==0.1.7
    # via -r requirements.lock
lxml==4.6.5
    # via
    #   -r requirements.lock
    #   python3-saml
    #   xmlsec
markdown==3.3.6
    # via
    #   -r requirements.lock
    #   cloudsplaining
markupsafe==2.1.0
    # via
    #   -r requirements.lock
    #   jinja2
    #   moto
marshmallow==3.14.1
    # via -r requirements.lock
mccabe==0.6.1
    # via flake8
mock==3.0.5
    # via
    #   -r ./api/util/requirements-test.in
    #   -r ./common/util/requirements-test.in
moto==3.0.7
    # via
    #   -r ./api/util/requirements-test.in
    #   -r ./common/util/requirements-test.in
multidict==6.0.2
    # via
    #   -r requirements.lock
    #   aiohttp
    #   yarl
mypy==0.931
    # via
    #   -r ./api/util/requirements-test.in
    #   -r ./common/util/requirements-test.in
mypy-extensions==0.4.3
    # via
    #   black
    #   mypy
networkx==2.7.1
    # via
    #   -r requirements.lock
    #   checkov
newrelic==7.6.0.173
    # via -r requirements.lock
nodeenv==1.6.0
    # via pre-commit
numpy==1.22.3
    # via
    #   -r requirements.lock
    #   pandas
oauthlib==3.2.0
    # via
    #   -r requirements.lock
    #   atlassian-python-api
    #   requests-oauthlib
okta==2.4.0
    # via -r requirements.lock
okta-jwt==1.3.5
    # via -r requirements.lock
onelogin==2.0.3
    # via -r requirements.lock
ordered-set==4.0.2
    # via
    #   -r requirements.lock
    #   deepdiff
orderedmultidict==1.0.1
    # via
    #   -r requirements.lock
    #   furl
packageurl-python==0.9.9
    # via
    #   -r requirements.lock
    #   cyclonedx-python-lib
packaging==21.3
    # via
    #   -r requirements.lock
    #   bleach
    #   checkov
    #   pytest
    #   tox
pandas==1.4.1
    # via -r requirements.lock
parliament==1.5.2
    # via -r requirements.lock
password-strength==0.0.3.post2
    # via -r requirements.lock
pathspec==0.9.0
    # via black
pbr==5.8.1
    # via stevedore
pdpyras==4.5.0
    # via -r requirements.lock
platformdirs==2.5.1
    # via
    #   black
    #   virtualenv
pluggy==1.0.0
    # via
    #   pytest
    #   tox
ply==3.11
    # via
    #   -r requirements.lock
    #   jsonpath-ng
policy-sentry==0.12.2
    # via
    #   -r requirements.lock
    #   cloudsplaining
policyuniverse==1.4.0.20220110
    # via
    #   -r requirements.lock
    #   checkov
pre-commit==2.17.0
    # via
    #   -r ./api/util/requirements-test.in
    #   -r ./common/util/requirements-test.in
prettytable==3.2.0
    # via
    #   -r requirements.lock
    #   checkov
prompt-toolkit==3.0.28
    # via
    #   -r requirements.lock
    #   click-repl
protobuf==3.19.4
    # via
    #   -r requirements.lock
    #   google-api-core
    #   googleapis-common-protos
    #   grpcio-tools
psutil==5.9.0
    # via
    #   -r requirements.lock
    #   redislite
ptvsd==4.3.2
    # via -r requirements.lock
py==1.11.0
    # via
    #   pytest
    #   pytest-forked
    #   tox
pyasn1==0.4.8
    # via
    #   -r requirements.lock
    #   pyasn1-modules
    #   python-jose
    #   rsa
pyasn1-modules==0.2.8
    # via
    #   -r requirements.lock
    #   google-auth
pycares==4.1.2
    # via
    #   -r requirements.lock
    #   aiodns
pycep-parser==0.3.1
    # via
    #   -r requirements.lock
    #   checkov
pycodestyle==2.8.0
    # via
    #   flake8
    #   flake8-import-order
pycparser==2.21
    # via
    #   -r requirements.lock
    #   cffi
pycryptodome==3.14.1
    # via
    #   -r requirements.lock
    #   okta
pydantic==1.9.0
    # via -r requirements.lock
pydash==5.1.0
    # via
    #   -r requirements.lock
    #   okta
pydocstyle==6.1.1
    # via flake8-docstrings
pyflakes==2.4.0
    # via flake8
pygithub==1.55
    # via -r requirements.lock
pygments==2.11.2
    # via readme-renderer
pyjwt==2.3.0
    # via
    #   -r requirements.lock
    #   pygithub
pynacl==1.5.0
    # via
    #   -r requirements.lock
    #   pygithub
pyparsing==3.0.7
    # via
    #   -r requirements.lock
    #   httplib2
    #   packaging
pyrsistent==0.18.1
    # via
    #   -r requirements.lock
    #   jsonschema
pytest==7.0.1
    # via
    #   -r ./api/util/requirements-test.in
    #   -r ./common/util/requirements-test.in
    #   pytest-asyncio
    #   pytest-cov
    #   pytest-forked
    #   pytest-html
    #   pytest-metadata
    #   pytest-mock
    #   pytest-timeout
    #   pytest-tornado
    #   pytest-xdist
pytest-asyncio==0.18.2
    # via
    #   -r ./api/util/requirements-test.in
    #   -r ./common/util/requirements-test.in
pytest-cov==3.0.0
    # via
    #   -r ./api/util/requirements-test.in
    #   -r ./common/util/requirements-test.in
pytest-forked==1.4.0
    # via pytest-xdist
pytest-html==3.1.1
    # via
    #   -r ./api/util/requirements-test.in
    #   -r ./common/util/requirements-test.in
pytest-metadata==1.11.0
    # via pytest-html
pytest-mock==3.7.0
    # via
    #   -r ./api/util/requirements-test.in
    #   -r ./common/util/requirements-test.in
pytest-timeout==2.1.0
    # via
    #   -r ./api/util/requirements-test.in
    #   -r ./common/util/requirements-test.in
pytest-tornado==0.8.1
    # via
    #   -r ./api/util/requirements-test.in
    #   -r ./common/util/requirements-test.in
pytest-xdist==2.5.0
    # via
    #   -r ./api/util/requirements-test.in
    #   -r ./common/util/requirements-test.in
python-dateutil==2.8.2
    # via
    #   -r requirements.lock
    #   botocore
    #   moto
    #   onelogin
    #   pandas
python-jose==3.3.0
    # via
    #   -r requirements.lock
    #   okta
    #   okta-jwt
python-json-logger==2.0.2
    # via
    #   -r requirements.lock
    #   logmatic-python
python-terraform==0.10.1
    # via -r requirements.lock
python3-saml==1.14.0
    # via -r requirements.lock
pytz==2021.3
    # via
    #   -r requirements.lock
    #   celery
    #   moto
    #   pandas
pyyaml==6.0
    # via
    #   -r requirements.lock
    #   bandit
    #   checkov
    #   cloudsplaining
    #   detect-secrets
    #   okta
    #   parliament
    #   policy-sentry
    #   pre-commit
readme-renderer==33.0
    # via
    #   -r ./api/util/requirements-test.in
    #   -r ./common/util/requirements-test.in
redis==3.5.3
    # via
    #   -r requirements.lock
    #   redis-py-cluster
    #   redislite
redis-py-cluster==2.1.3
    # via -r requirements.lock
redislite==6.0.674960
    # via -r requirements.lock
regex==2022.3.2
    # via
    #   -r requirements.lock
    #   pycep-parser
requests==2.27.1
    # via
    #   -r requirements.lock
    #   atlassian-python-api
    #   detect-secrets
    #   docker
    #   google-api-core
    #   moto
    #   okta-jwt
    #   onelogin
    #   pdpyras
    #   policy-sentry
    #   pygithub
    #   requests-oauthlib
    #   responses
    #   update-checker
requests-oauthlib==1.3.1
    # via
    #   -r requirements.lock
    #   atlassian-python-api
responses==0.19.0
    # via moto
retrying==1.3.3
    # via -r requirements.lock
rsa==4.8
    # via
    #   -r requirements.lock
    #   google-auth
    #   python-jose
ruamel.yaml==0.17.21
    # via -r requirements.lock
ruamel.yaml.clib==0.2.6
    # via
    #   -r requirements.lock
    #   ruamel.yaml
s3transfer==0.5.2
    # via
    #   -r requirements.lock
    #   boto3
schema==0.7.5
    # via
    #   -r requirements.lock
    #   cloudsplaining
    #   policy-sentry
semantic-version==2.9.0
    # via
    #   -r requirements.lock
    #   checkov
sentry-sdk==1.5.7
    # via -r requirements.lock
setupmeta==3.3.0
    # via -r requirements.lock
simplejson==3.17.6
    # via -r requirements.lock
six==1.16.0
    # via
    #   -r requirements.lock
    #   atlassian-python-api
    #   bcrypt
    #   bleach
    #   click-repl
    #   cloudaux
    #   dockerfile-parse
    #   ecdsa
    #   furl
    #   google-auth
    #   google-auth-httplib2
    #   grpcio
    #   isodate
    #   jsonpath-ng
    #   jsonschema
    #   junit-xml
    #   mock
    #   okta-jwt
    #   orderedmultidict
    #   password-strength
    #   python-dateutil
    #   retrying
    #   tox
    #   virtualenv
smmap==5.0.0
    # via
    #   -r requirements.lock
    #   gitdb
snowballstemmer==2.2.0
    # via pydocstyle
soupsieve==2.3.1
    # via
    #   -r requirements.lock
    #   beautifulsoup4
stevedore==3.5.0
    # via bandit
tabulate==0.8.9
    # via
    #   -r requirements.lock
    #   checkov
tenacity==8.0.1
    # via -r requirements.lock
termcolor==1.1.0
    # via
    #   -r requirements.lock
    #   checkov
toml==0.10.2
    # via
    #   -r requirements.lock
    #   cyclonedx-python-lib
    #   pre-commit
    #   tox
tomli==2.0.1
    # via
    #   black
    #   coverage
    #   mypy
    #   pytest
tornado==6.1
    # via
    #   -r ./api/util/requirements-test.in
    #   -r ./common/util/requirements-test.in
    #   -r requirements.lock
    #   pytest-tornado
tox==3.24.5
    # via
    #   -r ./api/util/requirements-test.in
    #   -r ./common/util/requirements-test.in
tqdm==4.63.0
    # via
    #   -r requirements.lock
    #   checkov
types-setuptools==57.4.10
    # via
    #   -r requirements.lock
    #   cyclonedx-python-lib
types-toml==0.10.4
    # via
    #   -r requirements.lock
    #   cyclonedx-python-lib
typing-extensions==4.1.1
    # via
    #   -r requirements.lock
    #   black
    #   checkov
    #   mypy
    #   pycep-parser
    #   pydantic
ujson==5.1.0
    # via -r requirements.lock
update-checker==0.18.0
    # via
    #   -r requirements.lock
    #   checkov
uritemplate==4.1.1
    # via
    #   -r requirements.lock
    #   google-api-python-client
urllib3==1.26.8
    # via
    #   -r requirements.lock
    #   botocore
    #   elastic-apm
    #   pdpyras
    #   requests
    #   responses
    #   sentry-sdk
uvloop==0.16.0
    # via -r requirements.lock
validate-email==1.3
    # via -r requirements.lock
vine==5.0.0
    # via
    #   -r requirements.lock
    #   amqp
    #   celery
    #   kombu
virtualenv==20.13.3
    # via
    #   pre-commit
    #   tox
wcwidth==0.2.5
    # via
    #   -r requirements.lock
    #   prettytable
    #   prompt-toolkit
webencodings==0.5.1
    # via
    #   -r requirements.lock
    #   bleach
websocket-client==1.3.1
    # via
    #   -r requirements.lock
    #   docker
werkzeug==2.0.3
    # via moto
wrapt==1.14.0
    # via
    #   -r requirements.lock
    #   deprecated
xmlsec==1.3.12
    # via
    #   -r requirements.lock
    #   python3-saml
xmltodict==0.12.0
    # via
    #   -r requirements.lock
    #   moto
    #   okta
yarl==1.7.2
    # via
    #   -r requirements.lock
    #   aiohttp
    #   okta
zipp==3.7.0
    # via
    #   -r requirements.lock
    #   importlib-metadata

# The following packages are considered to be unsafe in a requirements file:
setuptools==59.6.0
    # via
    #   -r requirements.lock
    #   celery
    #   cyclonedx-python-lib
    #   flake8-import-order
    #   grpcio-tools
    #   jsonschema
    #   pytest-tornado
    #   redislite
