#
# This file is autogenerated by pip-compile with python 3.9
# To update, run:
#
#    pip-compile --allow-unsafe --output-file=requirements.lock ./api/requirements.in ./api/util/requirements.in ./auth/requirements.in ./common/celery_tasks/requirements.in ./common/config/requirements.in ./common/requirements.in ./common/util/requirements.in ./identity/requirements.in ./requirements.in ./util/debug/requirements.in
#
aenum==3.1.5
    # via okta
aiohttp==3.7.4.post0
    # via
    #   aiozipkin
    #   okta
aiozipkin==1.1.0
    # via -r ./common/util/requirements.in
amqp==5.0.6
    # via
    #   -r ./api/requirements.in
    #   kombu
anyio==3.3.4
    # via starlette
asgiref==3.3.4
    # via
    #   -r ./api/requirements.in
    #   -r ./common/celery_tasks/requirements.in
    #   -r ./common/config/requirements.in
    #   -r ./common/util/requirements.in
async-timeout==3.0.1
    # via aiohttp
atlassian-python-api==3.14.1
    # via
    #   -r ./api/requirements.in
    #   -r ./common/util/requirements.in
attrs==21.2.0
    # via
    #   aiohttp
    #   jsonschema
bcrypt==3.2.0
    # via
    #   -r ./api/requirements.in
    #   -r ./common/util/requirements.in
beautifulsoup4==4.10.0
    # via policy-sentry
billiard==3.6.4.0
    # via
    #   -r ./api/requirements.in
    #   -r ./common/celery_tasks/requirements.in
    #   celery
bleach==4.1.0
    # via -r ./common/util/requirements.in
boto==2.49.0
    # via
    #   -r ./common/util/requirements.in
    #   cloudaux
boto3==1.18.63
    # via
    #   -r ./common/config/requirements.in
    #   -r ./common/util/requirements.in
    #   cloudaux
    #   parliament
botocore==1.21.63
    # via
    #   -r ./common/config/requirements.in
    #   boto3
    #   cloudaux
    #   s3transfer
celery==5.1.2
    # via
    #   -r ./api/requirements.in
    #   -r ./common/celery_tasks/requirements.in
    #   -r ./common/util/requirements.in
certifi==2021.10.8
    # via
    #   -r ./api/requirements.in
    #   elastic-apm
    #   requests
    #   sentry-sdk
cffi==1.15.0
    # via
    #   bcrypt
    #   cryptography
chardet==4.0.0
    # via aiohttp
charset-normalizer==2.0.7
    # via requests
click==7.1.2
    # via
    #   -r ./api/requirements.in
    #   celery
    #   click-didyoumean
    #   click-plugins
    #   click-repl
    #   policy-sentry
click-didyoumean==0.3.0
    # via celery
click-plugins==1.1.1
    # via celery
click-repl==0.2.0
    # via celery
cloudaux==1.9.6
    # via -r ./common/util/requirements.in
contextlib2==21.6.0
    # via schema
cryptography==35.0.0
    # via
    #   -r ./api/requirements.in
    #   -r ./common/util/requirements.in
debugpy==1.5.1
    # via -r ./api/requirements.in
deepdiff==5.6.0
    # via -r ./common/util/requirements.in
defusedxml==0.7.1
    # via
    #   cloudaux
    #   onelogin
deprecated==1.2.13
    # via atlassian-python-api
dnspython==2.1.0
    # via email-validator
ecdsa==0.17.0
    # via python-jose
ed25519==1.5
    # via -r ./common/util/requirements.in
elastic-apm==6.5.0
    # via -r ./common/util/requirements.in
email-validator==1.1.3
    # via -r ./api/util/requirements.in
fastapi==0.70.0
    # via -r ./auth/requirements.in
flagpole==1.1.1
    # via cloudaux
flatdict==4.0.1
    # via okta
furl==2.1.3
    # via -r ./common/util/requirements.in
gitdb==4.0.7
    # via gitpython
gitpython==3.1.24
    # via
    #   -r ./api/requirements.in
    #   -r ./common/util/requirements.in
grpcio==1.41.0
    # via
    #   -r ./common/util/requirements.in
    #   grpcio-tools
grpcio-tools==1.41.0
    # via -r ./common/util/requirements.in
idna==3.3
    # via
    #   anyio
    #   email-validator
    #   requests
    #   yarl
inflection==0.5.1
    # via cloudaux
isodate==0.6.0
    # via python3-saml
jmespath==0.10.0
    # via
    #   boto3
    #   botocore
    #   parliament
joblib==1.1.0
    # via
    #   -r ./common/util/requirements.in
    #   cloudaux
json-cfg==0.4.2
    # via parliament
jsonschema==4.1.0
    # via -r ./common/util/requirements.in
kombu==5.1.0
    # via
    #   -r ./api/requirements.in
    #   celery
kwonly-args==1.0.10
    # via json-cfg
logmatic-python==0.1.7
    # via
    #   -r ./common/celery_tasks/requirements.in
    #   -r ./common/config/requirements.in
    #   -r ./common/util/requirements.in
lxml==4.6.3
    # via
    #   python3-saml
    #   xmlsec
marshmallow==3.14.0
    # via
    #   -r ./api/util/requirements.in
    #   -r ./common/util/requirements.in
multidict==5.2.0
    # via
    #   aiohttp
    #   yarl
newrelic==7.2.4.171
    # via
    #   -r ./api/requirements.in
    #   -r ./api/util/requirements.in
numpy==1.21.2
    # via pandas
oauthlib==3.1.1
    # via
    #   atlassian-python-api
    #   requests-oauthlib
okta==2.3.1
    # via
    #   -r ./api/requirements.in
    #   -r ./identity/requirements.in
okta-jwt==1.3.5
    # via
    #   -r ./api/requirements.in
    #   -r ./common/util/requirements.in
onelogin==2.0.2
    # via -r ./api/requirements.in
ordered-set==4.0.2
    # via deepdiff
orderedmultidict==1.0.1
    # via furl
packaging==21.0
    # via
    #   -r ./requirements.in
    #   bleach
pandas==1.3.4
    # via -r ./common/util/requirements.in
parliament==1.4.1
    # via -r ./common/util/requirements.in
password-strength==0.0.3.post2
    # via -r ./common/util/requirements.in
pdpyras==4.3.0
    # via -r ./common/util/requirements.in
policy-sentry==0.11.18
    # via -r ./common/util/requirements.in
policyuniverse==1.4.0.20210819
    # via -r ./api/util/requirements.in
prompt-toolkit==3.0.20
    # via click-repl
protobuf==3.18.1
    # via grpcio-tools
psutil==5.8.0
    # via redislite
ptvsd==4.3.2
    # via
    #   -r ./api/requirements.in
    #   -r ./util/debug/requirements.in
pyasn1==0.4.8
    # via
    #   python-jose
    #   rsa
pycparser==2.20
    # via cffi
pycryptodome==3.11.0
    # via okta
pydantic==1.8.2
    # via
    #   -r ./api/requirements.in
    #   -r ./common/requirements.in
    #   -r ./common/util/requirements.in
    #   fastapi
pydash==5.1.0
    # via okta
pyjwt==2.3.0
    # via
    #   -r ./api/requirements.in
    #   -r ./common/util/requirements.in
pyparsing==2.4.7
    # via packaging
pyrsistent==0.18.0
    # via jsonschema
python-dateutil==2.8.2
    # via
    #   botocore
    #   onelogin
    #   pandas
python-jose==3.3.0
    # via
    #   okta
    #   okta-jwt
python-json-logger==2.0.2
    # via logmatic-python
python3-saml==1.12.0
    # via
    #   -r ./api/requirements.in
    #   -r ./common/util/requirements.in
pytz==2021.3
    # via
    #   -r ./api/requirements.in
    #   -r ./common/config/requirements.in
    #   -r ./common/util/requirements.in
    #   celery
    #   pandas
pyyaml==6.0
    # via
    #   -r ./api/requirements.in
    #   -r ./common/util/requirements.in
    #   -r ./identity/requirements.in
    #   okta
    #   parliament
    #   policy-sentry
redis==3.5.3
    # via
    #   -r ./common/util/requirements.in
    #   redis-py-cluster
    #   redislite
redis-py-cluster==2.1.3
    # via -r ./common/util/requirements.in
redislite==6.0.674960
    # via -r ./common/util/requirements.in
requests==2.26.0
    # via
    #   -r ./api/requirements.in
    #   atlassian-python-api
    #   okta-jwt
    #   onelogin
    #   pdpyras
    #   policy-sentry
    #   requests-oauthlib
requests-oauthlib==1.3.0
    # via atlassian-python-api
retrying==1.3.3
    # via
    #   -r ./common/celery_tasks/requirements.in
    #   -r ./common/util/requirements.in
rsa==4.7.2
    # via python-jose
ruamel.yaml==0.17.16
    # via
    #   -r ./api/requirements.in
    #   -r ./common/config/requirements.in
    #   -r ./common/util/requirements.in
ruamel.yaml.clib==0.2.6
    # via ruamel.yaml
s3transfer==0.5.0
    # via boto3
schema==0.7.4
    # via policy-sentry
sentry-sdk==1.4.3
    # via
    #   -r ./api/requirements.in
    #   -r ./common/celery_tasks/requirements.in
    #   -r ./common/config/requirements.in
    #   -r ./common/util/requirements.in
setupmeta==3.3.0
    # via -r ./common/util/requirements.in
simplejson==3.17.5
    # via
    #   -r ./api/requirements.in
    #   -r ./common/util/requirements.in
six==1.16.0
    # via
    #   atlassian-python-api
    #   bcrypt
    #   bleach
    #   click-repl
    #   cloudaux
    #   ecdsa
    #   furl
    #   grpcio
    #   isodate
    #   okta-jwt
    #   orderedmultidict
    #   password-strength
    #   python-dateutil
    #   retrying
smmap==4.0.0
    # via gitdb
sniffio==1.2.0
    # via anyio
soupsieve==2.2.1
    # via beautifulsoup4
starlette==0.16.0
    # via fastapi
tenacity==8.0.1
    # via -r ./common/util/requirements.in
tornado==6.1
    # via
    #   -r ./api/requirements.in
    #   -r ./common/util/requirements.in
typing-extensions==3.10.0.2
    # via
    #   -r ./api/requirements.in
    #   aiohttp
    #   gitpython
    #   pydantic
ujson==4.2.0
    # via
    #   -r ./api/requirements.in
    #   -r ./common/celery_tasks/requirements.in
    #   -r ./common/config/requirements.in
    #   -r ./common/util/requirements.in
urllib3==1.26.7
    # via
    #   -r ./api/requirements.in
    #   botocore
    #   elastic-apm
    #   pdpyras
    #   requests
    #   sentry-sdk
uvloop==0.16.0
    # via
    #   -r ./api/requirements.in
    #   -r ./api/util/requirements.in
    #   -r ./common/util/requirements.in
vine==5.0.0
    # via
    #   -r ./api/requirements.in
    #   amqp
    #   celery
    #   kombu
wcwidth==0.2.5
    # via prompt-toolkit
webencodings==0.5.1
    # via bleach
wrapt==1.13.2
    # via deprecated
xmlsec==1.3.12
    # via python3-saml
xmltodict==0.12.0
    # via okta
yarl==1.7.0
    # via
    #   aiohttp
    #   okta

# The following packages are considered to be unsafe in a requirements file:
setuptools==59.3.0
    # via
    #   celery
    #   grpcio-tools
    #   redislite
