#
# This file is autogenerated by pip-compile with python 3.10
# To update, run:
#
#    pip-compile --allow-unsafe --output-file=requirements-test.lock ./api/util/requirements-test.in ./common/util/requirements-test.in requirements.lock
#
aenum==3.1.11
    # via
    #   -r requirements.lock
    #   okta
aiodns==3.0.0
    # via
    #   -r requirements.lock
    #   checkov
aiohttp==3.8.1
    # via
    #   -r requirements.lock
    #   aiozipkin
    #   checkov
    #   okta
aiomultiprocess==0.9.0
    # via
    #   -r requirements.lock
    #   checkov
aiosignal==1.2.0
    # via
    #   -r requirements.lock
    #   aiohttp
aiozipkin==1.1.1
    # via -r requirements.lock
amqp==5.1.1
    # via
    #   -r requirements.lock
    #   kombu
antlr4-python3-runtime==4.7.2
    # via
    #   -r requirements.lock
    #   noq-dax-client
argcomplete==2.0.0
    # via
    #   -r requirements.lock
    #   checkov
asgiref==3.3.4
    # via -r requirements.lock
async-timeout==4.0.2
    # via
    #   -r requirements.lock
    #   aiohttp
    #   redis
asynctest==0.13.0
    # via
    #   -r ./api/util/requirements-test.in
    #   -r ./common/util/requirements-test.in
atlassian-python-api==3.25.0
    # via -r requirements.lock
attrs==21.4.0
    # via
    #   -r requirements.lock
    #   aiohttp
    #   jsonschema
    #   pytest
aws-error-utils==2.5.0
    # via -r requirements.lock
bandit==1.7.4
    # via
    #   -r ./api/util/requirements-test.in
    #   -r ./common/util/requirements-test.in
bc-python-hcl2==0.3.42
    # via
    #   -r requirements.lock
    #   checkov
bcrypt==3.2.2
    # via -r requirements.lock
beautifulsoup4==4.11.1
    # via
    #   -r requirements.lock
    #   mkdocs-pdf-export-plugin
    #   policy-sentry
billiard==3.6.4.0
    # via
    #   -r requirements.lock
    #   celery
black==22.6.0
    # via
    #   -r ./api/util/requirements-test.in
    #   -r ./common/util/requirements-test.in
bleach==5.0.1
    # via
    #   -r requirements.lock
    #   readme-renderer
blinker==1.4
    # via -r requirements.lock
boto==2.49.0
    # via
    #   -r requirements.lock
    #   cloudaux
boto3==1.24.19
    # via
    #   -r requirements.lock
    #   checkov
    #   cloudaux
    #   cloudsplaining
    #   moto
    #   parliament
botocore==1.27.19
    # via
    #   -r requirements.lock
    #   aws-error-utils
    #   boto3
    #   cloudaux
    #   cloudsplaining
    #   moto
    #   noq-dax-client
    #   pynamodax
    #   s3transfer
brotli==1.0.9
    # via
    #   -r requirements.lock
    #   fonttools
cached-property==1.5.2
    # via
    #   -r requirements.lock
    #   cloudsplaining
cachetools==5.2.0
    # via
    #   -r requirements.lock
    #   checkov
    #   google-auth
celery==5.2.7
    # via -r requirements.lock
certifi==2022.6.15
    # via
    #   -r requirements.lock
    #   elastic-apm
    #   requests
    #   sentry-sdk
cffi==1.15.0
    # via
    #   -r requirements.lock
    #   bcrypt
    #   cryptography
    #   pycares
    #   pynacl
    #   weasyprint
cfgv==3.3.1
    # via
    #   -r requirements.lock
    #   pre-commit
charset-normalizer==2.0.12
    # via
    #   -r requirements.lock
    #   aiohttp
    #   checkov
    #   requests
checkov==2.1.16
    # via -r requirements.lock
click==8.1.3
    # via
    #   -r requirements.lock
    #   black
    #   celery
    #   checkov
    #   click-didyoumean
    #   click-log
    #   click-option-group
    #   click-plugins
    #   click-repl
    #   cloudsplaining
    #   mkdocs
    #   policy-sentry
click-didyoumean==0.3.0
    # via
    #   -r requirements.lock
    #   celery
click-log==0.4.0
    # via -r requirements.lock
click-option-group==0.5.3
    # via
    #   -r requirements.lock
    #   cloudsplaining
click-plugins==1.1.1
    # via
    #   -r requirements.lock
    #   celery
click-repl==0.2.0
    # via
    #   -r requirements.lock
    #   celery
cloudaux==1.9.6
    # via -r requirements.lock
cloudsplaining==0.5.0
    # via
    #   -r requirements.lock
    #   checkov
colorama==0.4.5
    # via
    #   -r requirements.lock
    #   checkov
colorlog==6.6.0
    # via -r requirements.lock
configargparse==1.5.3
    # via
    #   -r requirements.lock
    #   checkov
contextlib2==21.6.0
    # via
    #   -r requirements.lock
    #   schema
coverage[toml]==6.4.1
    # via
    #   -r ./api/util/requirements-test.in
    #   -r ./common/util/requirements-test.in
    #   pytest-cov
cryptography==37.0.2
    # via
    #   -r requirements.lock
    #   moto
cssselect2==0.6.0
    # via
    #   -r requirements.lock
    #   weasyprint
cyclonedx-python-lib==2.6.0
    # via
    #   -r requirements.lock
    #   checkov
cython==0.29.28
    # via -r requirements.lock
debugpy==1.6.0
    # via -r requirements.lock
decorator==5.1.1
    # via
    #   -r requirements.lock
    #   jsonpath-ng
    #   validators
deep-merge==0.0.4
    # via
    #   -r requirements.lock
    #   checkov
deepdiff==5.8.1
    # via -r requirements.lock
defusedxml==0.7.1
    # via
    #   -r requirements.lock
    #   cloudaux
    #   onelogin
deprecated==1.2.13
    # via
    #   -r requirements.lock
    #   atlassian-python-api
    #   pygithub
    #   redis
detect-secrets==1.2.0
    # via
    #   -r requirements.lock
    #   checkov
distlib==0.3.4
    # via
    #   -r requirements.lock
    #   virtualenv
dnspython==2.2.1
    # via
    #   -r requirements.lock
    #   email-validator
docker==5.0.3
    # via
    #   -r ./api/util/requirements-test.in
    #   -r ./common/util/requirements-test.in
    #   -r requirements.lock
    #   checkov
dockerfile-parse==1.2.0
    # via
    #   -r requirements.lock
    #   checkov
docutils==0.18.1
    # via readme-renderer
dpath==1.5.0
    # via
    #   -r requirements.lock
    #   checkov
ecdsa==0.17.0
    # via
    #   -r requirements.lock
    #   python-jose
ed25519==1.5
    # via -r requirements.lock
elastic-apm==6.10.0
    # via -r requirements.lock
email-validator==1.2.1
    # via -r requirements.lock
execnet==1.9.0
    # via pytest-xdist
fakeredis==1.8.1
    # via
    #   -r ./api/util/requirements-test.in
    #   -r requirements.lock
filelock==3.7.1
    # via
    #   -r requirements.lock
    #   tox
    #   virtualenv
flagpole==1.1.1
    # via
    #   -r requirements.lock
    #   cloudaux
flake8==4.0.1
    # via
    #   -r ./api/util/requirements-test.in
    #   -r ./common/util/requirements-test.in
    #   flake8-docstrings
flake8-docstrings==1.6.0
    # via
    #   -r ./api/util/requirements-test.in
    #   -r ./common/util/requirements-test.in
flake8-import-order==0.18.1
    # via
    #   -r ./api/util/requirements-test.in
    #   -r ./common/util/requirements-test.in
flatdict==4.0.1
    # via
    #   -r requirements.lock
    #   okta
fonttools[woff]==4.33.3
    # via
    #   -r requirements.lock
    #   weasyprint
frozenlist==1.3.0
    # via
    #   -r requirements.lock
    #   aiohttp
    #   aiosignal
furl==2.1.3
    # via -r requirements.lock
ghp-import==2.1.0
    # via
    #   -r requirements.lock
    #   mkdocs
gitdb==4.0.9
    # via
    #   -r requirements.lock
    #   gitpython
gitpython==3.1.27
    # via
    #   -r requirements.lock
    #   bandit
    #   checkov
google-api-core==2.8.2
    # via
    #   -r requirements.lock
    #   google-api-python-client
google-api-python-client==2.52.0
    # via -r requirements.lock
google-auth==2.9.0
    # via
    #   -r requirements.lock
    #   google-api-core
    #   google-api-python-client
    #   google-auth-httplib2
google-auth-httplib2==0.1.0
    # via
    #   -r requirements.lock
    #   google-api-python-client
googleapis-common-protos==1.56.3
    # via
    #   -r requirements.lock
    #   google-api-core
grpcio==1.47.0
    # via
    #   -r requirements.lock
    #   grpcio-tools
grpcio-tools==1.47.0
    # via -r requirements.lock
html5lib==1.1
    # via
    #   -r requirements.lock
    #   weasyprint
httplib2==0.20.4
    # via
    #   -r requirements.lock
    #   google-api-python-client
    #   google-auth-httplib2
identify==2.5.1
    # via
    #   -r requirements.lock
    #   pre-commit
idna==3.3
    # via
    #   -r requirements.lock
    #   email-validator
    #   requests
    #   yarl
importlib-metadata==4.12.0
    # via
    #   -r requirements.lock
    #   mkdocs
inflection==0.5.1
    # via
    #   -r requirements.lock
    #   cloudaux
iniconfig==1.1.1
    # via
    #   -r requirements.lock
    #   pytest
jinja2==3.1.2
    # via
    #   -r requirements.lock
    #   cloudsplaining
    #   mkdocs
    #   mkdocs-material
    #   moto
jmespath==1.0.1
    # via
    #   -r requirements.lock
    #   boto3
    #   botocore
    #   checkov
    #   parliament
joblib==1.1.0
    # via
    #   -r requirements.lock
    #   cloudaux
json-cfg==0.4.2
    # via
    #   -r requirements.lock
    #   parliament
jsonpath-ng==1.5.3
    # via
    #   -r requirements.lock
    #   checkov
jsonschema==3.2.0
    # via
    #   -r requirements.lock
    #   checkov
junit-xml==1.9
    # via
    #   -r requirements.lock
    #   checkov
kombu==5.2.4
    # via
    #   -r requirements.lock
    #   celery
kwonly-args==1.0.10
    # via
    #   -r requirements.lock
    #   json-cfg
lark==1.1.2
    # via
    #   -r requirements.lock
    #   bc-python-hcl2
    #   pycep-parser
logmatic-python==0.1.7
    # via -r requirements.lock
markdown==3.3.7
    # via
    #   -r requirements.lock
    #   cloudsplaining
    #   mkdocs
    #   mkdocs-material
    #   pymdown-extensions
markupsafe==2.1.1
    # via
    #   -r requirements.lock
    #   jinja2
    #   moto
marshmallow==3.17.0
    # via -r requirements.lock
mccabe==0.6.1
    # via flake8
mergedeep==1.3.4
    # via
    #   -r requirements.lock
    #   mkdocs
mkdocs==1.3.0
    # via
    #   -r requirements.lock
    #   mkdocs-material
    #   mkdocs-pdf-export-plugin
    #   mkdocs-plugin-inline-svg
    #   mkdocs-render-swagger-plugin
    #   mkdocs-video
mkdocs-material==8.3.8
    # via -r requirements.lock
mkdocs-material-extensions==1.0.3
    # via
    #   -r requirements.lock
    #   mkdocs-material
mkdocs-pdf-export-plugin==0.5.10
    # via -r requirements.lock
mkdocs-plugin-inline-svg==0.1.0
    # via -r requirements.lock
mkdocs-render-swagger-plugin==0.0.3
    # via -r requirements.lock
mkdocs-video==1.3.0
    # via -r requirements.lock
mock==4.0.3
    # via
    #   -r ./api/util/requirements-test.in
    #   -r requirements.lock
mockredis==0.1.3.dev0
    # via -r requirements.lock
moto==3.1.16
    # via
    #   -r ./api/util/requirements-test.in
    #   -r ./common/util/requirements-test.in
    #   -r requirements.lock
multidict==6.0.2
    # via
    #   -r requirements.lock
    #   aiohttp
    #   yarl
mypy==0.961
    # via
    #   -r ./api/util/requirements-test.in
    #   -r ./common/util/requirements-test.in
mypy-extensions==0.4.3
    # via
    #   black
    #   mypy
networkx==2.8.4
    # via
    #   -r requirements.lock
    #   checkov
newrelic==7.14.0.177
    # via -r requirements.lock
nodeenv==1.7.0
    # via
    #   -r requirements.lock
    #   pre-commit
noq-dax-client==2.1.1
    # via -r requirements.lock
numpy==1.23.0
    # via
    #   -r requirements.lock
    #   pandas
oauthlib==3.2.0
    # via
    #   -r requirements.lock
    #   atlassian-python-api
    #   requests-oauthlib
okta==2.5.0
    # via -r requirements.lock
okta-jwt==1.3.5
    # via -r requirements.lock
onelogin==2.0.3
    # via -r requirements.lock
ordered-set==4.1.0
    # via
    #   -r requirements.lock
    #   deepdiff
orderedmultidict==1.0.1
    # via
    #   -r requirements.lock
    #   furl
packageurl-python==0.10.0
    # via
    #   -r requirements.lock
    #   cyclonedx-python-lib
packaging==21.3
    # via
    #   -r requirements.lock
    #   checkov
    #   marshmallow
    #   mkdocs
    #   pytest
    #   redis
    #   tox
pandas==1.4.3
    # via -r requirements.lock
parliament==1.5.2
    # via -r requirements.lock
password-strength==0.0.3.post2
    # via -r requirements.lock
pathspec==0.9.0
    # via black
pbr==5.9.0
    # via stevedore
pdpyras==4.5.0
    # via -r requirements.lock
pillow==9.1.1
    # via
    #   -r requirements.lock
    #   weasyprint
platformdirs==2.5.2
    # via
    #   -r requirements.lock
    #   black
    #   virtualenv
pluggy==1.0.0
    # via
    #   -r requirements.lock
    #   pytest
    #   tox
ply==3.11
    # via
    #   -r requirements.lock
    #   jsonpath-ng
policy-sentry==0.12.3
    # via
    #   -r requirements.lock
    #   cloudsplaining
policyuniverse==1.5.0.20220613
    # via
    #   -r requirements.lock
    #   checkov
pre-commit==2.19.0
    # via
    #   -r ./api/util/requirements-test.in
    #   -r ./common/util/requirements-test.in
    #   -r requirements.lock
prettytable==3.3.0
    # via
    #   -r requirements.lock
    #   checkov
prompt-toolkit==3.0.30
    # via
    #   -r requirements.lock
    #   click-repl
protobuf==3.20.1
    # via
    #   -r requirements.lock
    #   google-api-core
    #   googleapis-common-protos
    #   grpcio-tools
ptvsd==4.3.2
    # via -r requirements.lock
py==1.11.0
    # via
    #   -r requirements.lock
    #   pytest
    #   pytest-forked
    #   tox
pyasn1==0.4.8
    # via
    #   -r requirements.lock
    #   pyasn1-modules
    #   python-jose
    #   rsa
pyasn1-modules==0.2.8
    # via
    #   -r requirements.lock
    #   google-auth
pycares==4.2.1
    # via
    #   -r requirements.lock
    #   aiodns
pycep-parser==0.3.7
    # via
    #   -r requirements.lock
    #   checkov
pycodestyle==2.8.0
    # via
    #   flake8
    #   flake8-import-order
pycparser==2.21
    # via
    #   -r requirements.lock
    #   cffi
pycryptodome==3.15.0
    # via
    #   -r requirements.lock
    #   okta
pydantic==1.9.1
    # via -r requirements.lock
pydash==5.1.0
    # via
    #   -r requirements.lock
    #   okta
pydocstyle==6.1.1
    # via flake8-docstrings
pydyf==0.2.0
    # via
    #   -r requirements.lock
    #   weasyprint
pyflakes==2.4.0
    # via flake8
pygithub==1.55
    # via -r requirements.lock
pygments==2.12.0
    # via
    #   -r requirements.lock
    #   mkdocs-material
    #   readme-renderer
pyjwt==2.4.0
    # via
    #   -r requirements.lock
    #   pygithub
pymdown-extensions==9.5
    # via
    #   -r requirements.lock
    #   mkdocs-material
pynacl==1.5.0
    # via
    #   -r requirements.lock
    #   pygithub
pynamodax==6.1.2
    # via -r requirements.lock
pyparsing==3.0.7
    # via
    #   -r requirements.lock
    #   httplib2
    #   packaging
pyphen==0.12.0
    # via
    #   -r requirements.lock
    #   weasyprint
pyrsistent==0.18.1
    # via
    #   -r requirements.lock
    #   jsonschema
pytest==7.1.2
    # via
    #   -r ./api/util/requirements-test.in
    #   -r ./common/util/requirements-test.in
    #   -r requirements.lock
    #   pytest-asyncio
    #   pytest-cov
    #   pytest-forked
    #   pytest-html
    #   pytest-metadata
    #   pytest-mock
    #   pytest-timeout
    #   pytest-tornado
    #   pytest-xdist
pytest-asyncio==0.18.3
    # via
    #   -r ./api/util/requirements-test.in
    #   -r ./common/util/requirements-test.in
    #   -r requirements.lock
pytest-cov==3.0.0
    # via
    #   -r ./api/util/requirements-test.in
    #   -r ./common/util/requirements-test.in
pytest-forked==1.4.0
    # via pytest-xdist
pytest-html==3.1.1
    # via
    #   -r ./api/util/requirements-test.in
    #   -r ./common/util/requirements-test.in
pytest-metadata==2.0.1
    # via pytest-html
pytest-mock==3.8.1
    # via
    #   -r ./api/util/requirements-test.in
    #   -r ./common/util/requirements-test.in
    #   -r requirements.lock
pytest-timeout==2.1.0
    # via
    #   -r ./api/util/requirements-test.in
    #   -r ./common/util/requirements-test.in
pytest-tornado==0.8.1
    # via
    #   -r ./api/util/requirements-test.in
    #   -r ./common/util/requirements-test.in
pytest-xdist==2.5.0
    # via
    #   -r ./api/util/requirements-test.in
    #   -r ./common/util/requirements-test.in
python-dateutil==2.8.2
    # via
    #   -r requirements.lock
    #   botocore
    #   ghp-import
    #   moto
    #   onelogin
    #   pandas
python-jose==3.3.0
    # via
    #   -r requirements.lock
    #   okta
    #   okta-jwt
python-json-logger==2.0.2
    # via
    #   -r requirements.lock
    #   logmatic-python
python-terraform==0.10.1
    # via -r requirements.lock
pytz==2022.1
    # via
    #   -r requirements.lock
    #   celery
    #   moto
    #   pandas
pyyaml==6.0
    # via
    #   -r requirements.lock
    #   bandit
    #   checkov
    #   cloudsplaining
    #   detect-secrets
    #   mkdocs
    #   okta
    #   parliament
    #   policy-sentry
    #   pre-commit
    #   pyyaml-env-tag
pyyaml-env-tag==0.1
    # via
    #   -r requirements.lock
    #   mkdocs
readme-renderer==35.0
    # via
    #   -r ./api/util/requirements-test.in
    #   -r ./common/util/requirements-test.in
redis==4.3.4
    # via
    #   -r requirements.lock
    #   fakeredis
regex==2022.6.2
    # via
    #   -r requirements.lock
    #   pycep-parser
requests==2.28.0
    # via
    #   -r requirements.lock
    #   atlassian-python-api
    #   detect-secrets
    #   docker
    #   google-api-core
    #   moto
    #   okta-jwt
    #   onelogin
    #   pdpyras
    #   policy-sentry
    #   pygithub
    #   requests-mock
    #   requests-oauthlib
    #   responses
    #   update-checker
requests-mock==1.9.3
    # via -r requirements.lock
requests-oauthlib==1.3.1
    # via
    #   -r requirements.lock
    #   atlassian-python-api
responses==0.21.0
    # via
    #   -r requirements.lock
    #   moto
retrying==1.3.3
    # via -r requirements.lock
rsa==4.8
    # via
    #   -r requirements.lock
    #   google-auth
    #   python-jose
ruamel-yaml==0.17.21
    # via -r requirements.lock
ruamel-yaml-clib==0.2.6
    # via
    #   -r requirements.lock
    #   ruamel-yaml
s3transfer==0.6.0
    # via
    #   -r requirements.lock
    #   boto3
schema==0.7.5
    # via
    #   -r requirements.lock
    #   cloudsplaining
    #   policy-sentry
semantic-version==2.10.0
    # via
    #   -r requirements.lock
    #   checkov
semver==2.13.0
    # via -r requirements.lock
sentry-sdk==1.6.0
    # via -r requirements.lock
setupmeta==3.3.2
    # via -r requirements.lock
simplejson==3.17.6
    # via -r requirements.lock
six==1.16.0
    # via
    #   -r requirements.lock
    #   atlassian-python-api
    #   bleach
    #   click-repl
    #   cloudaux
    #   dockerfile-parse
    #   ecdsa
    #   fakeredis
    #   furl
    #   google-auth
    #   google-auth-httplib2
    #   grpcio
    #   html5lib
    #   jsonpath-ng
    #   jsonschema
    #   junit-xml
    #   noq-dax-client
    #   okta-jwt
    #   orderedmultidict
    #   password-strength
    #   python-dateutil
    #   requests-mock
    #   retrying
    #   tox
    #   virtualenv
smmap==5.0.0
    # via
    #   -r requirements.lock
    #   gitdb
snowballstemmer==2.2.0
    # via pydocstyle
sortedcontainers==2.4.0
    # via
    #   -r requirements.lock
    #   cyclonedx-python-lib
    #   fakeredis
soupsieve==2.3.2.post1
    # via
    #   -r requirements.lock
    #   beautifulsoup4
stevedore==3.5.0
    # via bandit
tabulate==0.8.10
    # via
    #   -r requirements.lock
    #   checkov
tenacity==8.0.1
    # via -r requirements.lock
termcolor==1.1.0
    # via
    #   -r requirements.lock
    #   checkov
tinycss2==1.1.1
    # via
    #   -r requirements.lock
    #   cssselect2
    #   weasyprint
toml==0.10.2
    # via
    #   -r requirements.lock
    #   cyclonedx-python-lib
    #   pre-commit
    #   tox
tomli==2.0.1
    # via
    #   -r requirements.lock
    #   black
    #   coverage
    #   mypy
    #   pytest
tornado==6.1
    # via
    #   -r ./api/util/requirements-test.in
    #   -r ./common/util/requirements-test.in
    #   -r requirements.lock
    #   pytest-tornado
tox==3.25.0
    # via
    #   -r ./api/util/requirements-test.in
    #   -r ./common/util/requirements-test.in
tqdm==4.64.0
    # via
    #   -r requirements.lock
    #   checkov
typing-extensions==4.2.0
    # via
    #   -r requirements.lock
    #   checkov
    #   mypy
    #   pycep-parser
    #   pydantic
ujson==5.3.0
    # via -r requirements.lock
update-checker==0.18.0
    # via
    #   -r requirements.lock
    #   checkov
uritemplate==4.1.1
    # via
    #   -r requirements.lock
    #   google-api-python-client
urllib3==1.26.9
    # via
    #   -r requirements.lock
    #   botocore
    #   elastic-apm
    #   pdpyras
    #   requests
    #   responses
    #   sentry-sdk
uvloop==0.16.0
    # via -r requirements.lock
validate-email==1.3
    # via -r requirements.lock
validators==0.20.0
    # via -r requirements.lock
vine==5.0.0
    # via
    #   -r requirements.lock
    #   amqp
    #   celery
    #   kombu
virtualenv==20.15.1
    # via
    #   -r requirements.lock
    #   pre-commit
    #   tox
watchdog==2.1.9
    # via
    #   -r requirements.lock
    #   mkdocs
wcwidth==0.2.5
    # via
    #   -r requirements.lock
    #   prettytable
    #   prompt-toolkit
weasyprint==55.0
    # via
    #   -r requirements.lock
    #   mkdocs-pdf-export-plugin
webencodings==0.5.1
    # via
    #   -r requirements.lock
    #   bleach
    #   cssselect2
    #   html5lib
    #   tinycss2
websocket-client==1.3.3
    # via
    #   -r requirements.lock
    #   docker
werkzeug==2.1.2
    # via
    #   -r requirements.lock
    #   moto
wrapt==1.14.0
    # via
    #   -r requirements.lock
    #   deprecated
xmltodict==0.13.0
    # via
    #   -r requirements.lock
    #   moto
    #   okta
yarl==1.7.2
    # via
    #   -r requirements.lock
    #   aiohttp
    #   okta
zipp==3.8.0
    # via
    #   -r requirements.lock
    #   importlib-metadata
zopfli==0.2.1
    # via
    #   -r requirements.lock
    #   fonttools

# The following packages are considered to be unsafe in a requirements file:
setuptools==62.6.0
    # via
    #   -r requirements.lock
    #   cyclonedx-python-lib
    #   flake8-import-order
    #   grpcio-tools
    #   jsonschema
    #   nodeenv
    #   pytest-tornado
