#
# This file is autogenerated by pip-compile with python 3.10
# To update, run:
#
#    pip-compile --allow-unsafe --output-file=requirements.lock ./api/requirements.in ./api/util/requirements.in ./common/celery_tasks/requirements.in ./common/config/requirements.in ./common/config/tests/requirements.in ./common/lib/aws/access_undenied/requirements.in ./common/lib/requirements.in ./common/requirements.in ./common/tests/celery_tasks/requirements.in ./common/tests/requirements.in ./common/util/requirements.in ./docs/requirements.in ./identity/requirements.in ./requirements.in ./util/debug/requirements.in ./util/terraform_config_parser/requirements.in ./util/tests/requirements.in
#
aenum==3.1.11
    # via okta
aiodns==3.0.0
    # via checkov
aiohttp==3.8.1
    # via
    #   -r ./common/celery_tasks/requirements.in
    #   aiozipkin
    #   checkov
    #   okta
aiomultiprocess==0.9.0
    # via checkov
aiosignal==1.2.0
    # via aiohttp
aiozipkin==1.1.1
    # via
    #   -r ./api/requirements.in
    #   -r ./common/util/requirements.in
amqp==5.1.1
    # via
    #   -r ./api/requirements.in
    #   kombu
antlr4-python3-runtime==4.7.2
    # via noq-dax-client
argcomplete==2.0.0
    # via checkov
asgiref==3.3.4
    # via
    #   -r ./api/requirements.in
    #   -r ./common/celery_tasks/requirements.in
    #   -r ./common/config/requirements.in
    #   -r ./common/config/tests/requirements.in
    #   -r ./common/util/requirements.in
    #   -r ./util/tests/requirements.in
async-timeout==4.0.2
    # via
    #   aiohttp
    #   redis
atlassian-python-api==3.25.0
    # via
    #   -r ./api/requirements.in
    #   -r ./common/util/requirements.in
    #   -r ./util/tests/requirements.in
attrs==21.4.0
    # via
    #   aiohttp
    #   jsonschema
    #   pytest
aws-error-utils==2.5.0
    # via -r ./common/lib/aws/access_undenied/requirements.in
bc-python-hcl2==0.3.42
    # via checkov
bcrypt==3.2.2
    # via
    #   -r ./api/requirements.in
    #   -r ./common/lib/requirements.in
    #   -r ./common/util/requirements.in
beautifulsoup4==4.11.1
    # via
    #   mkdocs-pdf-export-plugin
    #   policy-sentry
billiard==3.6.4.0
    # via
    #   -r ./api/requirements.in
    #   -r ./common/celery_tasks/requirements.in
    #   celery
bleach==5.0.1
    # via -r ./common/util/requirements.in
blinker==1.4
    # via -r ./common/lib/requirements.in
boto==2.49.0
    # via
    #   -r ./api/requirements.in
    #   -r ./common/lib/requirements.in
    #   -r ./common/util/requirements.in
    #   cloudaux
boto3==1.24.19
    # via
    #   -r ./api/requirements.in
    #   -r ./common/config/requirements.in
    #   -r ./common/lib/aws/access_undenied/requirements.in
    #   -r ./common/util/requirements.in
    #   -r ./util/terraform_config_parser/requirements.in
    #   -r ./util/tests/requirements.in
    #   checkov
    #   cloudaux
    #   cloudsplaining
    #   moto
    #   parliament
botocore==1.27.19
    # via
    #   -r ./api/requirements.in
    #   -r ./common/config/requirements.in
    #   aws-error-utils
    #   boto3
    #   cloudaux
    #   cloudsplaining
    #   moto
    #   noq-dax-client
    #   pynamodax
    #   s3transfer
brotli==1.0.9
    # via fonttools
cached-property==1.5.2
    # via cloudsplaining
cachetools==5.2.0
    # via
    #   -r ./common/lib/aws/access_undenied/requirements.in
    #   checkov
    #   google-auth
celery==5.2.7
    # via
    #   -r ./api/requirements.in
    #   -r ./common/celery_tasks/requirements.in
    #   -r ./common/util/requirements.in
certifi==2022.6.15
    # via
    #   -r ./api/requirements.in
    #   elastic-apm
    #   requests
    #   sentry-sdk
cffi==1.15.0
    # via
    #   bcrypt
    #   cryptography
    #   pycares
    #   pynacl
    #   weasyprint
cfgv==3.3.1
    # via pre-commit
charset-normalizer==2.0.12
    # via
    #   aiohttp
    #   checkov
    #   requests
checkov==2.1.16
    # via -r ./common/util/requirements.in
click==8.1.3
    # via
    #   -r ./api/requirements.in
    #   -r ./common/lib/aws/access_undenied/requirements.in
    #   celery
    #   checkov
    #   click-didyoumean
    #   click-log
    #   click-option-group
    #   click-plugins
    #   click-repl
    #   cloudsplaining
    #   mkdocs
    #   policy-sentry
click-didyoumean==0.3.0
    # via celery
click-log==0.4.0
    # via -r ./common/lib/aws/access_undenied/requirements.in
click-option-group==0.5.3
    # via cloudsplaining
click-plugins==1.1.1
    # via celery
click-repl==0.2.0
    # via celery
cloudaux==1.9.6
    # via
    #   -r ./common/lib/requirements.in
    #   -r ./common/util/requirements.in
cloudsplaining==0.5.0
    # via checkov
colorama==0.4.5
    # via checkov
colorlog==6.6.0
    # via -r ./common/lib/aws/access_undenied/requirements.in
configargparse==1.5.3
    # via checkov
contextlib2==21.6.0
    # via schema
cryptography==37.0.2
    # via
    #   -r ./api/requirements.in
    #   -r ./common/lib/requirements.in
    #   -r ./common/util/requirements.in
    #   moto
cssselect2==0.6.0
    # via weasyprint
cyclonedx-python-lib==2.6.0
    # via checkov
cython==0.29.28
    # via -r ./requirements.in
debugpy==1.6.0
    # via -r ./api/requirements.in
decorator==5.1.1
    # via
    #   jsonpath-ng
    #   validators
deep-merge==0.0.4
    # via checkov
deepdiff==5.8.1
    # via
    #   -r ./api/requirements.in
    #   -r ./common/lib/requirements.in
    #   -r ./common/util/requirements.in
defusedxml==0.7.1
    # via
    #   cloudaux
    #   onelogin
deprecated==1.2.13
    # via
    #   atlassian-python-api
    #   pygithub
    #   redis
detect-secrets==1.2.0
    # via checkov
distlib==0.3.4
    # via virtualenv
dnspython==2.2.1
    # via email-validator
docker==5.0.3
    # via checkov
dockerfile-parse==1.2.0
    # via checkov
dpath==1.5.0
    # via checkov
ecdsa==0.17.0
    # via python-jose
ed25519==1.5
    # via
    #   -r ./common/lib/requirements.in
    #   -r ./common/util/requirements.in
elastic-apm==6.10.0
    # via -r ./common/util/requirements.in
email-validator==1.2.1
    # via -r ./api/util/requirements.in
fakeredis==1.8.1
    # via -r ./util/tests/requirements.in
filelock==3.7.1
    # via virtualenv
flagpole==1.1.1
    # via cloudaux
flatdict==4.0.1
    # via okta
fonttools[woff]==4.33.3
    # via weasyprint
frozenlist==1.3.0
    # via
    #   aiohttp
    #   aiosignal
furl==2.1.3
    # via
    #   -r ./api/requirements.in
    #   -r ./common/util/requirements.in
ghp-import==2.1.0
    # via mkdocs
gitdb==4.0.9
    # via gitpython
gitpython==3.1.27
    # via
    #   -r ./api/requirements.in
    #   -r ./common/util/requirements.in
    #   checkov
google-api-core==2.8.2
    # via google-api-python-client
google-api-python-client==2.52.0
    # via -r ./api/requirements.in
google-auth==2.9.0
    # via
    #   google-api-core
    #   google-api-python-client
    #   google-auth-httplib2
google-auth-httplib2==0.1.0
    # via google-api-python-client
googleapis-common-protos==1.56.3
    # via google-api-core
grpcio==1.47.0
    # via
    #   -r ./common/util/requirements.in
    #   grpcio-tools
grpcio-tools==1.47.0
    # via -r ./common/util/requirements.in
html5lib==1.1
    # via weasyprint
httplib2==0.20.4
    # via
    #   google-api-python-client
    #   google-auth-httplib2
identify==2.5.1
    # via pre-commit
idna==3.3
    # via
    #   email-validator
    #   requests
    #   yarl
importlib-metadata==4.12.0
    # via mkdocs
inflection==0.5.1
    # via cloudaux
iniconfig==1.1.1
    # via pytest
isodate==0.6.1
    # via python3-saml
jinja2==3.1.2
    # via
    #   -r ./common/lib/requirements.in
    #   -r ./util/terraform_config_parser/requirements.in
    #   cloudsplaining
    #   mkdocs
    #   mkdocs-material
    #   moto
jmespath==1.0.1
    # via
    #   boto3
    #   botocore
    #   checkov
    #   parliament
joblib==1.1.0
    # via
    #   -r ./api/requirements.in
    #   -r ./common/util/requirements.in
    #   cloudaux
json-cfg==0.4.2
    # via parliament
jsonpath-ng==1.5.3
    # via checkov
jsonschema==3.2.0
    # via
    #   -r ./api/requirements.in
    #   -r ./common/util/requirements.in
    #   checkov
junit-xml==1.9
    # via checkov
kombu==5.2.4
    # via
    #   -r ./api/requirements.in
    #   celery
kwonly-args==1.0.10
    # via json-cfg
lark==1.1.2
    # via
    #   bc-python-hcl2
    #   pycep-parser
logmatic-python==0.1.7
    # via
    #   -r ./common/celery_tasks/requirements.in
    #   -r ./common/config/requirements.in
    #   -r ./common/util/requirements.in
lxml==4.6.5
    # via
    #   python3-saml
    #   xmlsec
markdown==3.3.7
    # via
    #   cloudsplaining
    #   mkdocs
    #   mkdocs-material
    #   pymdown-extensions
markupsafe==2.1.1
    # via
    #   jinja2
    #   moto
marshmallow==3.17.0
    # via
    #   -r ./api/requirements.in
    #   -r ./api/util/requirements.in
    #   -r ./common/util/requirements.in
mergedeep==1.3.4
    # via mkdocs
mkdocs==1.3.0
    # via
    #   -r ./api/requirements.in
    #   -r ./docs/requirements.in
    #   mkdocs-material
    #   mkdocs-pdf-export-plugin
    #   mkdocs-plugin-inline-svg
    #   mkdocs-render-swagger-plugin
    #   mkdocs-video
mkdocs-material==8.3.8
    # via -r ./docs/requirements.in
mkdocs-material-extensions==1.0.3
    # via mkdocs-material
mkdocs-pdf-export-plugin==0.5.10
    # via -r ./docs/requirements.in
mkdocs-plugin-inline-svg==0.1.0
    # via -r ./docs/requirements.in
mkdocs-render-swagger-plugin==0.0.3
    # via -r ./docs/requirements.in
mkdocs-video==1.3.0
    # via -r ./docs/requirements.in
mock==4.0.3
    # via -r ./util/tests/requirements.in
mockredis==0.1.3.dev0
    # via -r ./util/tests/requirements.in
moto==3.1.16
    # via -r ./util/tests/requirements.in
multidict==6.0.2
    # via
    #   aiohttp
    #   yarl
networkx==2.8.4
    # via checkov
newrelic==7.14.0.177
    # via
    #   -r ./api/requirements.in
    #   -r ./api/util/requirements.in
nodeenv==1.7.0
    # via pre-commit
noq-dax-client==2.1.1
    # via -r ./common/requirements.in
numpy==1.23.0
    # via pandas
oauthlib==3.2.0
    # via
    #   atlassian-python-api
    #   requests-oauthlib
okta==2.5.0
    # via
    #   -r ./api/requirements.in
    #   -r ./identity/requirements.in
okta-jwt==1.3.5
    # via
    #   -r ./api/requirements.in
    #   -r ./common/util/requirements.in
onelogin==2.0.3
    # via -r ./api/requirements.in
ordered-set==4.1.0
    # via deepdiff
orderedmultidict==1.0.1
    # via furl
packageurl-python==0.10.0
    # via cyclonedx-python-lib
packaging==21.3
    # via
    #   -r ./requirements.in
    #   checkov
    #   marshmallow
    #   mkdocs
    #   pytest
    #   redis
pandas==1.4.3
    # via
    #   -r ./api/requirements.in
    #   -r ./common/util/requirements.in
parliament==1.5.2
    # via
    #   -r ./common/lib/requirements.in
    #   -r ./common/util/requirements.in
password-strength==0.0.3.post2
    # via
    #   -r ./api/requirements.in
    #   -r ./common/util/requirements.in
pdpyras==4.5.0
    # via -r ./common/util/requirements.in
pillow==9.1.1
    # via weasyprint
platformdirs==2.5.2
    # via virtualenv
pluggy==1.0.0
    # via pytest
ply==3.11
    # via jsonpath-ng
policy-sentry==0.12.3
    # via
    #   -r ./common/lib/requirements.in
    #   -r ./common/util/requirements.in
    #   cloudsplaining
policyuniverse==1.5.0.20220613
    # via
    #   -r ./api/util/requirements.in
    #   checkov
pre-commit==2.19.0
    # via -r ./docs/requirements.in
prettytable==3.3.0
    # via checkov
prompt-toolkit==3.0.30
    # via click-repl
protobuf==3.20.1
    # via
    #   google-api-core
    #   googleapis-common-protos
    #   grpcio-tools
ptvsd==4.3.2
    # via
    #   -r ./api/requirements.in
    #   -r ./util/debug/requirements.in
py==1.11.0
    # via pytest
pyasn1==0.4.8
    # via
    #   pyasn1-modules
    #   python-jose
    #   rsa
pyasn1-modules==0.2.8
    # via google-auth
pycares==4.2.1
    # via aiodns
pycep-parser==0.3.7
    # via checkov
pycparser==2.21
    # via cffi
pycryptodome==3.15.0
    # via okta
pydantic==1.9.1
    # via
    #   -r ./api/requirements.in
    #   -r ./common/requirements.in
    #   -r ./common/util/requirements.in
pydash==5.1.0
    # via okta
pydyf==0.2.0
    # via weasyprint
pygithub==1.55
    # via -r ./api/requirements.in
pygments==2.12.0
    # via mkdocs-material
pyjwt==2.4.0
    # via
    #   -r ./api/requirements.in
    #   -r ./common/lib/requirements.in
    #   -r ./common/util/requirements.in
    #   pygithub
pymdown-extensions==9.5
    # via mkdocs-material
pynacl==1.5.0
    # via pygithub
pynamodax==6.1.2
    # via -r ./common/requirements.in
pyparsing==3.0.7
    # via
    #   httplib2
    #   packaging
pyphen==0.12.0
    # via weasyprint
pyrsistent==0.18.1
    # via jsonschema
pytest==7.1.2
    # via
    #   -r ./common/config/tests/requirements.in
    #   -r ./common/tests/celery_tasks/requirements.in
    #   -r ./common/tests/requirements.in
    #   -r ./util/tests/requirements.in
    #   pytest-asyncio
    #   pytest-mock
pytest-asyncio==0.18.3
    # via -r ./util/tests/requirements.in
pytest-mock==3.8.1
    # via -r ./util/tests/requirements.in
python-dateutil==2.8.2
    # via
    #   botocore
    #   ghp-import
    #   moto
    #   onelogin
    #   pandas
python-jose==3.3.0
    # via
    #   okta
    #   okta-jwt
python-json-logger==2.0.2
    # via logmatic-python
python-terraform==0.10.1
    # via -r ./api/requirements.in
python3-saml==1.14.0
    # via
    #   -r ./api/requirements.in
    #   -r ./common/util/requirements.in
pytz==2022.1
    # via
    #   -r ./api/requirements.in
    #   -r ./common/config/requirements.in
    #   -r ./common/util/requirements.in
    #   celery
    #   moto
    #   pandas
pyyaml==6.0
    # via
    #   -r ./api/requirements.in
    #   -r ./common/config/tests/requirements.in
    #   -r ./common/util/requirements.in
    #   -r ./identity/requirements.in
    #   -r ./util/terraform_config_parser/requirements.in
    #   -r ./util/tests/requirements.in
    #   checkov
    #   cloudsplaining
    #   detect-secrets
    #   mkdocs
    #   okta
    #   parliament
    #   policy-sentry
    #   pre-commit
    #   pyyaml-env-tag
pyyaml-env-tag==0.1
    # via mkdocs
redis==4.3.4
    # via
    #   -r ./common/lib/requirements.in
    #   -r ./common/util/requirements.in
    #   fakeredis
regex==2022.6.2
    # via pycep-parser
requests==2.28.0
    # via
    #   -r ./api/requirements.in
    #   atlassian-python-api
    #   detect-secrets
    #   docker
    #   google-api-core
    #   moto
    #   okta-jwt
    #   onelogin
    #   pdpyras
    #   policy-sentry
    #   pygithub
    #   requests-mock
    #   requests-oauthlib
    #   responses
    #   update-checker
requests-mock==1.9.3
    # via -r ./util/tests/requirements.in
requests-oauthlib==1.3.1
    # via atlassian-python-api
responses==0.21.0
    # via moto
retrying==1.3.3
    # via
    #   -r ./api/requirements.in
    #   -r ./common/celery_tasks/requirements.in
    #   -r ./common/util/requirements.in
rsa==4.8
    # via
    #   google-auth
    #   python-jose
ruamel-yaml==0.17.21
    # via
    #   -r ./api/requirements.in
    #   -r ./common/config/requirements.in
    #   -r ./common/util/requirements.in
ruamel-yaml-clib==0.2.6
    # via ruamel-yaml
s3transfer==0.6.0
    # via boto3
schema==0.7.5
    # via
    #   cloudsplaining
    #   policy-sentry
semantic-version==2.10.0
    # via checkov
semver==2.13.0
    # via -r ./util/terraform_config_parser/requirements.in
sentry-sdk==1.6.0
    # via
    #   -r ./api/requirements.in
    #   -r ./common/celery_tasks/requirements.in
    #   -r ./common/config/requirements.in
    #   -r ./common/util/requirements.in
setupmeta==3.3.2
    # via -r ./common/util/requirements.in
simplejson==3.17.6
    # via
    #   -r ./api/requirements.in
    #   -r ./common/lib/requirements.in
    #   -r ./common/util/requirements.in
six==1.16.0
    # via
    #   atlassian-python-api
    #   bleach
    #   click-repl
    #   cloudaux
    #   dockerfile-parse
    #   ecdsa
    #   fakeredis
    #   furl
    #   google-auth
    #   google-auth-httplib2
    #   grpcio
    #   html5lib
    #   isodate
    #   jsonpath-ng
    #   jsonschema
    #   junit-xml
    #   noq-dax-client
    #   okta-jwt
    #   orderedmultidict
    #   password-strength
    #   python-dateutil
    #   requests-mock
    #   retrying
    #   virtualenv
smmap==5.0.0
    # via gitdb
sortedcontainers==2.4.0
    # via
    #   cyclonedx-python-lib
    #   fakeredis
soupsieve==2.3.2.post1
    # via beautifulsoup4
tabulate==0.8.10
    # via checkov
tenacity==8.0.1
    # via
    #   -r ./common/lib/requirements.in
    #   -r ./common/util/requirements.in
termcolor==1.1.0
    # via checkov
tinycss2==1.1.1
    # via
    #   cssselect2
    #   weasyprint
toml==0.10.2
    # via
    #   cyclonedx-python-lib
    #   pre-commit
tomli==2.0.1
    # via pytest
tornado==6.1
    # via
    #   -r ./api/requirements.in
    #   -r ./common/config/requirements.in
    #   -r ./common/config/tests/requirements.in
    #   -r ./common/util/requirements.in
    #   -r ./util/tests/requirements.in
tqdm==4.64.0
    # via checkov
typing-extensions==4.2.0
    # via
    #   -r ./api/requirements.in
    #   checkov
    #   pycep-parser
    #   pydantic
ujson==5.3.0
    # via
    #   -r ./api/requirements.in
    #   -r ./common/celery_tasks/requirements.in
    #   -r ./common/config/requirements.in
    #   -r ./common/util/requirements.in
update-checker==0.18.0
    # via checkov
uritemplate==4.1.1
    # via google-api-python-client
urllib3==1.26.9
    # via
    #   -r ./api/requirements.in
    #   botocore
    #   elastic-apm
    #   pdpyras
    #   requests
    #   responses
    #   sentry-sdk
uvloop==0.16.0
    # via
    #   -r ./api/requirements.in
    #   -r ./api/util/requirements.in
    #   -r ./common/util/requirements.in
validate-email==1.3
    # via -r ./api/requirements.in
validators==0.20.0
    # via -r ./api/requirements.in
vine==5.0.0
    # via
    #   -r ./api/requirements.in
    #   amqp
    #   celery
    #   kombu
virtualenv==20.15.1
    # via pre-commit
watchdog==2.1.9
    # via mkdocs
wcwidth==0.2.5
    # via
    #   prettytable
    #   prompt-toolkit
weasyprint==55.0
    # via mkdocs-pdf-export-plugin
webencodings==0.5.1
    # via
    #   bleach
    #   cssselect2
    #   html5lib
    #   tinycss2
websocket-client==1.3.3
    # via docker
werkzeug==2.1.2
    # via moto
wrapt==1.14.0
    # via deprecated
xmlsec==1.3.12
    # via python3-saml
xmltodict==0.13.0
    # via
    #   moto
    #   okta
yarl==1.7.2
    # via
    #   aiohttp
    #   okta
zipp==3.8.0
    # via importlib-metadata
zopfli==0.2.1
    # via fonttools

# The following packages are considered to be unsafe in a requirements file:
setuptools==62.6.0
    # via
    #   cyclonedx-python-lib
    #   grpcio-tools
    #   jsonschema
    #   nodeenv
