#
# This file is autogenerated by pip-compile with python 3.9
# To update, run:
#
#    pip-compile --allow-unsafe --output-file=requirements-test.lock ./api/util/requirements-test.in ./common/util/requirements-test.in
#
asynctest==0.13.0
    # via
    #   -r ./api/util/requirements-test.in
    #   -r ./common/util/requirements-test.in
attrs==21.2.0
    # via
    #   -c ./common/util/requirements.txt
    #   pytest
backports.entry-points-selectable==1.1.1
    # via virtualenv
bandit==1.7.1
    # via
    #   -r ./api/util/requirements-test.in
    #   -r ./common/util/requirements-test.in
black==21.12b0
    # via
    #   -r ./api/util/requirements-test.in
    #   -r ./common/util/requirements-test.in
bleach==4.1.0
    # via
    #   -c ./common/util/requirements.txt
    #   readme-renderer
boto3==1.18.58
    # via
    #   -c ./common/util/requirements.txt
    #   moto
botocore==1.21.58
    # via
    #   -c ./common/util/requirements.txt
    #   boto3
    #   moto
    #   s3transfer
certifi==2021.10.8
    # via
    #   -c ./common/util/requirements.txt
    #   requests
cffi==1.14.6
    # via
    #   -c ./common/util/requirements.txt
    #   cryptography
cfgv==3.3.1
    # via pre-commit
charset-normalizer==2.0.6
    # via
    #   -c ./common/util/requirements.txt
    #   requests
click==7.1.2
    # via
    #   -c ./common/util/requirements.txt
    #   black
coverage[toml]==6.2
    # via
    #   -r ./api/util/requirements-test.in
    #   -r ./common/util/requirements-test.in
    #   pytest-cov
cryptography==35.0.0
    # via
    #   -c ./common/util/requirements.txt
    #   moto
distlib==0.3.4
    # via virtualenv
docker==5.0.3
    # via
    #   -r ./api/util/requirements-test.in
    #   -r ./common/util/requirements-test.in
docutils==0.18.1
    # via readme-renderer
execnet==1.9.0
    # via pytest-xdist
filelock==3.4.0
    # via
    #   tox
    #   virtualenv
flake8==4.0.1
    # via
    #   -r ./api/util/requirements-test.in
    #   -r ./common/util/requirements-test.in
    #   flake8-docstrings
flake8-docstrings==1.6.0
    # via
    #   -r ./api/util/requirements-test.in
    #   -r ./common/util/requirements-test.in
flake8-import-order==0.18.1
    # via
    #   -r ./api/util/requirements-test.in
    #   -r ./common/util/requirements-test.in
gitdb==4.0.7
    # via
    #   -c ./common/util/requirements.txt
    #   gitpython
gitpython==3.1.24
    # via
    #   -c ./common/util/requirements.txt
    #   bandit
identify==2.4.0
    # via pre-commit
idna==3.2
    # via
    #   -c ./api/util/requirements.txt
    #   -c ./common/util/requirements.txt
    #   requests
iniconfig==1.1.1
    # via pytest
jinja2==3.0.3
    # via moto
jmespath==0.10.0
    # via
    #   -c ./common/util/requirements.txt
    #   boto3
    #   botocore
markupsafe==2.0.1
    # via
    #   jinja2
    #   moto
mccabe==0.6.1
    # via flake8
mock==3.0.5
    # via
    #   -r ./api/util/requirements-test.in
    #   -r ./common/util/requirements-test.in
mockredispy==2.9.3
    # via
    #   -r ./api/util/requirements-test.in
    #   -r ./common/util/requirements-test.in
moto==2.2.19
    # via
    #   -r ./api/util/requirements-test.in
    #   -r ./common/util/requirements-test.in
mypy==0.910
    # via
    #   -r ./api/util/requirements-test.in
    #   -r ./common/util/requirements-test.in
mypy-extensions==0.4.3
    # via
    #   black
    #   mypy
nodeenv==1.6.0
    # via pre-commit
packaging==21.0
    # via
    #   -c ./common/util/requirements.txt
    #   bleach
    #   pytest
    #   tox
pathspec==0.9.0
    # via black
pbr==5.8.0
    # via stevedore
platformdirs==2.4.0
    # via
    #   black
    #   virtualenv
pluggy==1.0.0
    # via
    #   pytest
    #   tox
pre-commit==2.16.0
    # via
    #   -r ./api/util/requirements-test.in
    #   -r ./common/util/requirements-test.in
psutil==5.8.0
    # via
    #   -c ./common/util/requirements.txt
    #   redislite
py==1.11.0
    # via
    #   pytest
    #   pytest-forked
    #   tox
pycodestyle==2.8.0
    # via
    #   flake8
    #   flake8-import-order
pycparser==2.20
    # via
    #   -c ./common/util/requirements.txt
    #   cffi
pydocstyle==6.1.1
    # via flake8-docstrings
pyflakes==2.4.0
    # via flake8
pygments==2.10.0
    # via readme-renderer
pyparsing==2.4.7
    # via
    #   -c ./common/util/requirements.txt
    #   packaging
pytest==6.2.5
    # via
    #   -r ./api/util/requirements-test.in
    #   -r ./common/util/requirements-test.in
    #   pytest-asyncio
    #   pytest-cov
    #   pytest-forked
    #   pytest-html
    #   pytest-metadata
    #   pytest-mock
    #   pytest-timeout
    #   pytest-tornado
    #   pytest-xdist
pytest-asyncio==0.16.0
    # via
    #   -r ./api/util/requirements-test.in
    #   -r ./common/util/requirements-test.in
pytest-cov==3.0.0
    # via
    #   -r ./api/util/requirements-test.in
    #   -r ./common/util/requirements-test.in
pytest-forked==1.4.0
    # via pytest-xdist
pytest-html==3.1.1
    # via
    #   -r ./api/util/requirements-test.in
    #   -r ./common/util/requirements-test.in
pytest-metadata==1.11.0
    # via pytest-html
pytest-mock==3.6.1
    # via
    #   -r ./api/util/requirements-test.in
    #   -r ./common/util/requirements-test.in
pytest-timeout==2.0.2
    # via
    #   -r ./api/util/requirements-test.in
    #   -r ./common/util/requirements-test.in
pytest-tornado==0.8.1
    # via
    #   -r ./api/util/requirements-test.in
    #   -r ./common/util/requirements-test.in
pytest-xdist==2.5.0
    # via
    #   -r ./api/util/requirements-test.in
    #   -r ./common/util/requirements-test.in
python-dateutil==2.8.2
    # via
    #   -c ./common/util/requirements.txt
    #   botocore
    #   moto
pytz==2021.3
    # via
    #   -c ./common/util/requirements.txt
    #   moto
pyyaml==5.4.1
    # via
    #   -c ./common/util/requirements.txt
    #   bandit
    #   pre-commit
readme-renderer==32.0
    # via
    #   -r ./api/util/requirements-test.in
    #   -r ./common/util/requirements-test.in
redis==3.5.3
    # via
    #   -c ./common/util/requirements.txt
    #   redislite
redislite==6.0.674960
    # via
    #   -c ./common/util/requirements.txt
    #   -r ./api/util/requirements-test.in
    #   -r ./common/util/requirements-test.in
requests==2.26.0
    # via
    #   -c ./common/util/requirements.txt
    #   docker
    #   moto
    #   responses
responses==0.16.0
    # via moto
s3transfer==0.5.0
    # via
    #   -c ./common/util/requirements.txt
    #   boto3
six==1.16.0
    # via
    #   -c ./common/util/requirements.txt
    #   bleach
    #   mock
    #   python-dateutil
    #   responses
    #   tox
    #   virtualenv
smmap==4.0.0
    # via
    #   -c ./common/util/requirements.txt
    #   gitdb
snowballstemmer==2.2.0
    # via pydocstyle
stevedore==3.5.0
    # via bandit
toml==0.10.2
    # via
    #   mypy
    #   pre-commit
    #   pytest
    #   tox
tomli==1.2.3
    # via
    #   black
    #   coverage
tornado==6.1
    # via
    #   -c ./common/util/requirements.txt
    #   -r ./api/util/requirements-test.in
    #   -r ./common/util/requirements-test.in
    #   pytest-tornado
tox==3.24.4
    # via
    #   -r ./api/util/requirements-test.in
    #   -r ./common/util/requirements-test.in
typing-extensions==3.10.0.2
    # via
    #   -c ./common/util/requirements.txt
    #   black
    #   gitpython
    #   mypy
urllib3==1.26.7
    # via
    #   -c ./common/util/requirements.txt
    #   botocore
    #   requests
    #   responses
virtualenv==20.10.0
    # via
    #   pre-commit
    #   tox
webencodings==0.5.1
    # via
    #   -c ./common/util/requirements.txt
    #   bleach
websocket-client==1.2.3
    # via docker
werkzeug==2.0.2
    # via moto
xmltodict==0.12.0
    # via moto

# The following packages are considered to be unsafe in a requirements file:
setuptools==59.6.0
    # via
    #   flake8-import-order
    #   pytest-tornado
    #   redislite
